
Microsoft Visual Studio Solution File, Format Version 11.00
# Visual Studio 15
Project("{8BC9CEB8-8B4A-11D0-8D11-00A0C91BC942}") = "3d", "3d.vcxproj", "{FC6FB704-7809-4BA1-AF93-DB74B70B0EA9}"
EndProject
Project("{8BC9CEB8-8B4A-11D0-8D11-00A0C91BC942}") = "3d_multi", "3d_multi.vcxproj", "{1FFD5AC1-1C30-4348-A3D3-1A7C1E01AD2F}"
EndProject
Project("{8BC9CEB8-8B4A-11D0-8D11-00A0C91BC942}") = "event_parameter", "event_parameter.vcxproj", "{40C09CF4-A927-4EBE-9C82-5FE7E35006C8}"
EndProject
Project("{8BC9CEB8-8B4A-11D0-8D11-00A0C91BC942}") = "load_banks", "load_banks.vcxproj", "{CC3A440D-E9D0-4D6E-8B80-DF54F192BBDB}"
EndProject
Project("{8BC9CEB8-8B4A-11D0-8D11-00A0C91BC942}") = "music_callbacks", "music_callbacks.vcxproj", "{FC01C81A-0A66-475C-94F7-916878F3367E}"
EndProject
Project("{8BC9CEB8-8B4A-11D0-8D11-00A0C91BC942}") = "objectpan", "objectpan.vcxproj", "{74E7C229-73CC-418A-B6B7-9F9D2555F6D6}"
EndProject
Project("{8BC9CEB8-8B4A-11D0-8D11-00A0C91BC942}") = "programmer_sound", "programmer_sound.vcxproj", "{58A236DA-3749-4DAA-B75F-37CA2DA7F996}"
EndProject
Project("{8BC9CEB8-8B4A-11D0-8D11-00A0C91BC942}") = "recording_playback", "recording_playback.vcxproj", "{BAC1E586-D748-4CA4-8868-AF8336A85F23}"
EndProject
Project("{8BC9CEB8-8B4A-11D0-8D11-00A0C91BC942}") = "simple_event", "simple_event.vcxproj", "{2DF752EB-7C3A-448A-AF4E-9AEE4B8B4B56}"
EndProject
Global
	GlobalSection(SolutionConfigurationPlatforms) = preSolution
		Debug|Win32 = Debug|Win32
		Debug|x64 = Debug|x64
		Debug|ARM64 = Debug|ARM64
		Release|Win32 = Release|Win32
		Release|x64 = Release|x64
		Release|ARM64 = Release|ARM64
	EndGlobalSection
	GlobalSection(ProjectConfigurationPlatforms) = postSolution
		{FC6FB704-7809-4BA1-AF93-DB74B70B0EA9}.Debug|Win32.ActiveCfg = Debug|Win32
		{FC6FB704-7809-4BA1-AF93-DB74B70B0EA9}.Debug|Win32.Build.0 = Debug|Win32
		{FC6FB704-7809-4BA1-AF93-DB74B70B0EA9}.Debug|Win32.Deploy.0 = Debug|Win32
		{FC6FB704-7809-4BA1-AF93-DB74B70B0EA9}.Debug|x64.ActiveCfg = Debug|x64
		{FC6FB704-7809-4BA1-AF93-DB74B70B0EA9}.Debug|x64.Build.0 = Debug|x64
		{FC6FB704-7809-4BA1-AF93-DB74B70B0EA9}.Debug|x64.Deploy.0 = Debug|x64
		{FC6FB704-7809-4BA1-AF93-DB74B70B0EA9}.Debug|ARM64.ActiveCfg = Debug|ARM64
		{FC6FB704-7809-4BA1-AF93-DB74B70B0EA9}.Debug|ARM64.Build.0 = Debug|ARM64
		{FC6FB704-7809-4BA1-AF93-DB74B70B0EA9}.Debug|ARM64.Deploy.0 = Debug|ARM64
		{FC6FB704-7809-4BA1-AF93-DB74B70B0EA9}.Release|Win32.ActiveCfg = Release|Win32
		{FC6FB704-7809-4BA1-AF93-DB74B70B0EA9}.Release|Win32.Build.0 = Release|Win32
		{FC6FB704-7809-4BA1-AF93-DB74B70B0EA9}.Release|Win32.Deploy.0 = Release|Win32
		{FC6FB704-7809-4BA1-AF93-DB74B70B0EA9}.Release|x64.ActiveCfg = Release|x64
		{FC6FB704-7809-4BA1-AF93-DB74B70B0EA9}.Release|x64.Build.0 = Release|x64
		{FC6FB704-7809-4BA1-AF93-DB74B70B0EA9}.Release|x64.Deploy.0 = Release|x64
		{FC6FB704-7809-4BA1-AF93-DB74B70B0EA9}.Release|ARM64.ActiveCfg = Release|ARM64
		{FC6FB704-7809-4BA1-AF93-DB74B70B0EA9}.Release|ARM64.Build.0 = Release|ARM64
		{FC6FB704-7809-4BA1-AF93-DB74B70B0EA9}.Release|ARM64.Deploy.0 = Release|ARM64
		{1FFD5AC1-1C30-4348-A3D3-1A7C1E01AD2F}.Debug|Win32.ActiveCfg = Debug|Win32
		{1FFD5AC1-1C30-4348-A3D3-1A7C1E01AD2F}.Debug|Win32.Build.0 = Debug|Win32
		{1FFD5AC1-1C30-4348-A3D3-1A7C1E01AD2F}.Debug|Win32.Deploy.0 = Debug|Win32
		{1FFD5AC1-1C30-4348-A3D3-1A7C1E01AD2F}.Debug|x64.ActiveCfg = Debug|x64
		{1FFD5AC1-1C30-4348-A3D3-1A7C1E01AD2F}.Debug|x64.Build.0 = Debug|x64
		{1FFD5AC1-1C30-4348-A3D3-1A7C1E01AD2F}.Debug|x64.Deploy.0 = Debug|x64
		{1FFD5AC1-1C30-4348-A3D3-1A7C1E01AD2F}.Debug|ARM64.ActiveCfg = Debug|ARM64
		{1FFD5AC1-1C30-4348-A3D3-1A7C1E01AD2F}.Debug|ARM64.Build.0 = Debug|ARM64
		{1FFD5AC1-1C30-4348-A3D3-1A7C1E01AD2F}.Debug|ARM64.Deploy.0 = Debug|ARM64
		{1FFD5AC1-1C30-4348-A3D3-1A7C1E01AD2F}.Release|Win32.ActiveCfg = Release|Win32
		{1FFD5AC1-1C30-4348-A3D3-1A7C1E01AD2F}.Release|Win32.Build.0 = Release|Win32
		{1FFD5AC1-1C30-4348-A3D3-1A7C1E01AD2F}.Release|Win32.Deploy.0 = Release|Win32
		{1FFD5AC1-1C30-4348-A3D3-1A7C1E01AD2F}.Release|x64.ActiveCfg = Release|x64
		{1FFD5AC1-1C30-4348-A3D3-1A7C1E01AD2F}.Release|x64.Build.0 = Release|x64
		{1FFD5AC1-1C30-4348-A3D3-1A7C1E01AD2F}.Release|x64.Deploy.0 = Release|x64
		{1FFD5AC1-1C30-4348-A3D3-1A7C1E01AD2F}.Release|ARM64.ActiveCfg = Release|ARM64
		{1FFD5AC1-1C30-4348-A3D3-1A7C1E01AD2F}.Release|ARM64.Build.0 = Release|ARM64
		{1FFD5AC1-1C30-4348-A3D3-1A7C1E01AD2F}.Release|ARM64.Deploy.0 = Release|ARM64
		{40C09CF4-A927-4EBE-9C82-5FE7E35006C8}.Debug|Win32.ActiveCfg = Debug|Win32
		{40C09CF4-A927-4EBE-9C82-5FE7E35006C8}.Debug|Win32.Build.0 = Debug|Win32
		{40C09CF4-A927-4EBE-9C82-5FE7E35006C8}.Debug|Win32.Deploy.0 = Debug|Win32
		{40C09CF4-A927-4EBE-9C82-5FE7E35006C8}.Debug|x64.ActiveCfg = Debug|x64
		{40C09CF4-A927-4EBE-9C82-5FE7E35006C8}.Debug|x64.Build.0 = Debug|x64
		{40C09CF4-A927-4EBE-9C82-5FE7E35006C8}.Debug|x64.Deploy.0 = Debug|x64
		{40C09CF4-A927-4EBE-9C82-5FE7E35006C8}.Debug|ARM64.ActiveCfg = Debug|ARM64
		{40C09CF4-A927-4EBE-9C82-5FE7E35006C8}.Debug|ARM64.Build.0 = Debug|ARM64
		{40C09CF4-A927-4EBE-9C82-5FE7E35006C8}.Debug|ARM64.Deploy.0 = Debug|ARM64
		{40C09CF4-A927-4EBE-9C82-5FE7E35006C8}.Release|Win32.ActiveCfg = Release|Win32
		{40C09CF4-A927-4EBE-9C82-5FE7E35006C8}.Release|Win32.Build.0 = Release|Win32
		{40C09CF4-A927-4EBE-9C82-5FE7E35006C8}.Release|Win32.Deploy.0 = Release|Win32
		{40C09CF4-A927-4EBE-9C82-5FE7E35006C8}.Release|x64.ActiveCfg = Release|x64
		{40C09CF4-A927-4EBE-9C82-5FE7E35006C8}.Release|x64.Build.0 = Release|x64
		{40C09CF4-A927-4EBE-9C82-5FE7E35006C8}.Release|x64.Deploy.0 = Release|x64
		{40C09CF4-A927-4EBE-9C82-5FE7E35006C8}.Release|ARM64.ActiveCfg = Release|ARM64
		{40C09CF4-A927-4EBE-9C82-5FE7E35006C8}.Release|ARM64.Build.0 = Release|ARM64
		{40C09CF4-A927-4EBE-9C82-5FE7E35006C8}.Release|ARM64.Deploy.0 = Release|ARM64
		{CC3A440D-E9D0-4D6E-8B80-DF54F192BBDB}.Debug|Win32.ActiveCfg = Debug|Win32
		{CC3A440D-E9D0-4D6E-8B80-DF54F192BBDB}.Debug|Win32.Build.0 = Debug|Win32
		{CC3A440D-E9D0-4D6E-8B80-DF54F192BBDB}.Debug|Win32.Deploy.0 = Debug|Win32
		{CC3A440D-E9D0-4D6E-8B80-DF54F192BBDB}.Debug|x64.ActiveCfg = Debug|x64
		{CC3A440D-E9D0-4D6E-8B80-DF54F192BBDB}.Debug|x64.Build.0 = Debug|x64
		{CC3A440D-E9D0-4D6E-8B80-DF54F192BBDB}.Debug|x64.Deploy.0 = Debug|x64
		{CC3A440D-E9D0-4D6E-8B80-DF54F192BBDB}.Debug|ARM64.ActiveCfg = Debug|ARM64
		{CC3A440D-E9D0-4D6E-8B80-DF54F192BBDB}.Debug|ARM64.Build.0 = Debug|ARM64
		{CC3A440D-E9D0-4D6E-8B80-DF54F192BBDB}.Debug|ARM64.Deploy.0 = Debug|ARM64
		{CC3A440D-E9D0-4D6E-8B80-DF54F192BBDB}.Release|Win32.ActiveCfg = Release|Win32
		{CC3A440D-E9D0-4D6E-8B80-DF54F192BBDB}.Release|Win32.Build.0 = Release|Win32
		{CC3A440D-E9D0-4D6E-8B80-DF54F192BBDB}.Release|Win32.Deploy.0 = Release|Win32
		{CC3A440D-E9D0-4D6E-8B80-DF54F192BBDB}.Release|x64.ActiveCfg = Release|x64
		{CC3A440D-E9D0-4D6E-8B80-DF54F192BBDB}.Release|x64.Build.0 = Release|x64
		{CC3A440D-E9D0-4D6E-8B80-DF54F192BBDB}.Release|x64.Deploy.0 = Release|x64
		{CC3A440D-E9D0-4D6E-8B80-DF54F192BBDB}.Release|ARM64.ActiveCfg = Release|ARM64
		{CC3A440D-E9D0-4D6E-8B80-DF54F192BBDB}.Release|ARM64.Build.0 = Release|ARM64
		{CC3A440D-E9D0-4D6E-8B80-DF54F192BBDB}.Release|ARM64.Deploy.0 = Release|ARM64
		{FC01C81A-0A66-475C-94F7-916878F3367E}.Debug|Win32.ActiveCfg = Debug|Win32
		{FC01C81A-0A66-475C-94F7-916878F3367E}.Debug|Win32.Build.0 = Debug|Win32
		{FC01C81A-0A66-475C-94F7-916878F3367E}.Debug|Win32.Deploy.0 = Debug|Win32
		{FC01C81A-0A66-475C-94F7-916878F3367E}.Debug|x64.ActiveCfg = Debug|x64
		{FC01C81A-0A66-475C-94F7-916878F3367E}.Debug|x64.Build.0 = Debug|x64
		{FC01C81A-0A66-475C-94F7-916878F3367E}.Debug|x64.Deploy.0 = Debug|x64
		{FC01C81A-0A66-475C-94F7-916878F3367E}.Debug|ARM64.ActiveCfg = Debug|ARM64
		{FC01C81A-0A66-475C-94F7-916878F3367E}.Debug|ARM64.Build.0 = Debug|ARM64
		{FC01C81A-0A66-475C-94F7-916878F3367E}.Debug|ARM64.Deploy.0 = Debug|ARM64
		{FC01C81A-0A66-475C-94F7-916878F3367E}.Release|Win32.ActiveCfg = Release|Win32
		{FC01C81A-0A66-475C-94F7-916878F3367E}.Release|Win32.Build.0 = Release|Win32
		{FC01C81A-0A66-475C-94F7-916878F3367E}.Release|Win32.Deploy.0 = Release|Win32
		{FC01C81A-0A66-475C-94F7-916878F3367E}.Release|x64.ActiveCfg = Release|x64
		{FC01C81A-0A66-475C-94F7-916878F3367E}.Release|x64.Build.0 = Release|x64
		{FC01C81A-0A66-475C-94F7-916878F3367E}.Release|x64.Deploy.0 = Release|x64
		{FC01C81A-0A66-475C-94F7-916878F3367E}.Release|ARM64.ActiveCfg = Release|ARM64
		{FC01C81A-0A66-475C-94F7-916878F3367E}.Release|ARM64.Build.0 = Release|ARM64
		{FC01C81A-0A66-475C-94F7-916878F3367E}.Release|ARM64.Deploy.0 = Release|ARM64
		{74E7C229-73CC-418A-B6B7-9F9D2555F6D6}.Debug|Win32.ActiveCfg = Debug|Win32
		{74E7C229-73CC-418A-B6B7-9F9D2555F6D6}.Debug|Win32.Build.0 = Debug|Win32
		{74E7C229-73CC-418A-B6B7-9F9D2555F6D6}.Debug|Win32.Deploy.0 = Debug|Win32
		{74E7C229-73CC-418A-B6B7-9F9D2555F6D6}.Debug|x64.ActiveCfg = Debug|x64
		{74E7C229-73CC-418A-B6B7-9F9D2555F6D6}.Debug|x64.Build.0 = Debug|x64
		{74E7C229-73CC-418A-B6B7-9F9D2555F6D6}.Debug|x64.Deploy.0 = Debug|x64
		{74E7C229-73CC-418A-B6B7-9F9D2555F6D6}.Debug|ARM64.ActiveCfg = Debug|ARM64
		{74E7C229-73CC-418A-B6B7-9F9D2555F6D6}.Debug|ARM64.Build.0 = Debug|ARM64
		{74E7C229-73CC-418A-B6B7-9F9D2555F6D6}.Debug|ARM64.Deploy.0 = Debug|ARM64
		{74E7C229-73CC-418A-B6B7-9F9D2555F6D6}.Release|Win32.ActiveCfg = Release|Win32
		{74E7C229-73CC-418A-B6B7-9F9D2555F6D6}.Release|Win32.Build.0 = Release|Win32
		{74E7C229-73CC-418A-B6B7-9F9D2555F6D6}.Release|Win32.Deploy.0 = Release|Win32
		{74E7C229-73CC-418A-B6B7-9F9D2555F6D6}.Release|x64.ActiveCfg = Release|x64
		{74E7C229-73CC-418A-B6B7-9F9D2555F6D6}.Release|x64.Build.0 = Release|x64
		{74E7C229-73CC-418A-B6B7-9F9D2555F6D6}.Release|x64.Deploy.0 = Release|x64
		{74E7C229-73CC-418A-B6B7-9F9D2555F6D6}.Release|ARM64.ActiveCfg = Release|ARM64
		{74E7C229-73CC-418A-B6B7-9F9D2555F6D6}.Release|ARM64.Build.0 = Release|ARM64
		{74E7C229-73CC-418A-B6B7-9F9D2555F6D6}.Release|ARM64.Deploy.0 = Release|ARM64
		{58A236DA-3749-4DAA-B75F-37CA2DA7F996}.Debug|Win32.ActiveCfg = Debug|Win32
		{58A236DA-3749-4DAA-B75F-37CA2DA7F996}.Debug|Win32.Build.0 = Debug|Win32
		{58A236DA-3749-4DAA-B75F-37CA2DA7F996}.Debug|Win32.Deploy.0 = Debug|Win32
		{58A236DA-3749-4DAA-B75F-37CA2DA7F996}.Debug|x64.ActiveCfg = Debug|x64
		{58A236DA-3749-4DAA-B75F-37CA2DA7F996}.Debug|x64.Build.0 = Debug|x64
		{58A236DA-3749-4DAA-B75F-37CA2DA7F996}.Debug|x64.Deploy.0 = Debug|x64
		{58A236DA-3749-4DAA-B75F-37CA2DA7F996}.Debug|ARM64.ActiveCfg = Debug|ARM64
		{58A236DA-3749-4DAA-B75F-37CA2DA7F996}.Debug|ARM64.Build.0 = Debug|ARM64
		{58A236DA-3749-4DAA-B75F-37CA2DA7F996}.Debug|ARM64.Deploy.0 = Debug|ARM64
		{58A236DA-3749-4DAA-B75F-37CA2DA7F996}.Release|Win32.ActiveCfg = Release|Win32
		{58A236DA-3749-4DAA-B75F-37CA2DA7F996}.Release|Win32.Build.0 = Release|Win32
		{58A236DA-3749-4DAA-B75F-37CA2DA7F996}.Release|Win32.Deploy.0 = Release|Win32
		{58A236DA-3749-4DAA-B75F-37CA2DA7F996}.Release|x64.ActiveCfg = Release|x64
		{58A236DA-3749-4DAA-B75F-37CA2DA7F996}.Release|x64.Build.0 = Release|x64
		{58A236DA-3749-4DAA-B75F-37CA2DA7F996}.Release|x64.Deploy.0 = Release|x64
		{58A236DA-3749-4DAA-B75F-37CA2DA7F996}.Release|ARM64.ActiveCfg = Release|ARM64
		{58A236DA-3749-4DAA-B75F-37CA2DA7F996}.Release|ARM64.Build.0 = Release|ARM64
		{58A236DA-3749-4DAA-B75F-37CA2DA7F996}.Release|ARM64.Deploy.0 = Release|ARM64
		{BAC1E586-D748-4CA4-8868-AF8336A85F23}.Debug|Win32.ActiveCfg = Debug|Win32
		{BAC1E586-D748-4CA4-8868-AF8336A85F23}.Debug|Win32.Build.0 = Debug|Win32
		{BAC1E586-D748-4CA4-8868-AF8336A85F23}.Debug|Win32.Deploy.0 = Debug|Win32
		{BAC1E586-D748-4CA4-8868-AF8336A85F23}.Debug|x64.ActiveCfg = Debug|x64
		{BAC1E586-D748-4CA4-8868-AF8336A85F23}.Debug|x64.Build.0 = Debug|x64
		{BAC1E586-D748-4CA4-8868-AF8336A85F23}.Debug|x64.Deploy.0 = Debug|x64
		{BAC1E586-D748-4CA4-8868-AF8336A85F23}.Debug|ARM64.ActiveCfg = Debug|ARM64
		{BAC1E586-D748-4CA4-8868-AF8336A85F23}.Debug|ARM64.Build.0 = Debug|ARM64
		{BAC1E586-D748-4CA4-8868-AF8336A85F23}.Debug|ARM64.Deploy.0 = Debug|ARM64
		{BAC1E586-D748-4CA4-8868-AF8336A85F23}.Release|Win32.ActiveCfg = Release|Win32
		{BAC1E586-D748-4CA4-8868-AF8336A85F23}.Release|Win32.Build.0 = Release|Win32
		{BAC1E586-D748-4CA4-8868-AF8336A85F23}.Release|Win32.Deploy.0 = Release|Win32
		{BAC1E586-D748-4CA4-8868-AF8336A85F23}.Release|x64.ActiveCfg = Release|x64
		{BAC1E586-D748-4CA4-8868-AF8336A85F23}.Release|x64.Build.0 = Release|x64
		{BAC1E586-D748-4CA4-8868-AF8336A85F23}.Release|x64.Deploy.0 = Release|x64
		{BAC1E586-D748-4CA4-8868-AF8336A85F23}.Release|ARM64.ActiveCfg = Release|ARM64
		{BAC1E586-D748-4CA4-8868-AF8336A85F23}.Release|ARM64.Build.0 = Release|ARM64
		{BAC1E586-D748-4CA4-8868-AF8336A85F23}.Release|ARM64.Deploy.0 = Release|ARM64
		{2DF752EB-7C3A-448A-AF4E-9AEE4B8B4B56}.Debug|Win32.ActiveCfg = Debug|Win32
		{2DF752EB-7C3A-448A-AF4E-9AEE4B8B4B56}.Debug|Win32.Build.0 = Debug|Win32
		{2DF752EB-7C3A-448A-AF4E-9AEE4B8B4B56}.Debug|Win32.Deploy.0 = Debug|Win32
		{2DF752EB-7C3A-448A-AF4E-9AEE4B8B4B56}.Debug|x64.ActiveCfg = Debug|x64
		{2DF752EB-7C3A-448A-AF4E-9AEE4B8B4B56}.Debug|x64.Build.0 = Debug|x64
		{2DF752EB-7C3A-448A-AF4E-9AEE4B8B4B56}.Debug|x64.Deploy.0 = Debug|x64
		{2DF752EB-7C3A-448A-AF4E-9AEE4B8B4B56}.Debug|ARM64.ActiveCfg = Debug|ARM64
		{2DF752EB-7C3A-448A-AF4E-9AEE4B8B4B56}.Debug|ARM64.Build.0 = Debug|ARM64
		{2DF752EB-7C3A-448A-AF4E-9AEE4B8B4B56}.Debug|ARM64.Deploy.0 = Debug|ARM64
		{2DF752EB-7C3A-448A-AF4E-9AEE4B8B4B56}.Release|Win32.ActiveCfg = Release|Win32
		{2DF752EB-7C3A-448A-AF4E-9AEE4B8B4B56}.Release|Win32.Build.0 = Release|Win32
		{2DF752EB-7C3A-448A-AF4E-9AEE4B8B4B56}.Release|Win32.Deploy.0 = Release|Win32
		{2DF752EB-7C3A-448A-AF4E-9AEE4B8B4B56}.Release|x64.ActiveCfg = Release|x64
		{2DF752EB-7C3A-448A-AF4E-9AEE4B8B4B56}.Release|x64.Build.0 = Release|x64
		{2DF752EB-7C3A-448A-AF4E-9AEE4B8B4B56}.Release|x64.Deploy.0 = Release|x64
		{2DF752EB-7C3A-448A-AF4E-9AEE4B8B4B56}.Release|ARM64.ActiveCfg = Release|ARM64
		{2DF752EB-7C3A-448A-AF4E-9AEE4B8B4B56}.Release|ARM64.Build.0 = Release|ARM64
		{2DF752EB-7C3A-448A-AF4E-9AEE4B8B4B56}.Release|ARM64.Deploy.0 = Release|ARM64
	EndGlobalSection
	GlobalSection(SolutionProperties) = preSolution
		HideSolutionNode = FALSE
	EndGlobalSection
EndGlobal
