
Microsoft Visual Studio Solution File, Format Version 11.00
# Visual Studio Version 16
Project("{8BC9CEB8-8B4A-11D0-8D11-00A0C91BC942}") = "3d", "3d.vcxproj", "{7C4FE12E-94E7-403B-A611-B973333A2881}"
EndProject
Project("{8BC9CEB8-8B4A-11D0-8D11-00A0C91BC942}") = "3d_multi", "3d_multi.vcxproj", "{ACF60268-8D26-4177-BD49-3F745D8F5D65}"
EndProject
Project("{8BC9CEB8-8B4A-11D0-8D11-00A0C91BC942}") = "event_parameter", "event_parameter.vcxproj", "{B795213E-7A23-47DA-8781-1D7598235EA5}"
EndProject
Project("{8BC9CEB8-8B4A-11D0-8D11-00A0C91BC942}") = "load_banks", "load_banks.vcxproj", "{970EDA80-7918-4093-A9F1-9D313558267B}"
EndProject
Project("{8BC9CEB8-8B4A-11D0-8D11-00A0C91BC942}") = "music_callbacks", "music_callbacks.vcxproj", "{3C772902-3663-4FED-851F-7372F7B13BAB}"
EndProject
Project("{8BC9CEB8-8B4A-11D0-8D11-00A0C91BC942}") = "objectpan", "objectpan.vcxproj", "{7B515EB3-803D-4E24-85A6-17353DC07C0E}"
EndProject
Project("{8BC9CEB8-8B4A-11D0-8D11-00A0C91BC942}") = "programmer_sound", "programmer_sound.vcxproj", "{13751364-9E58-4594-A5FB-36949F5DC085}"
EndProject
Project("{8BC9CEB8-8B4A-11D0-8D11-00A0C91BC942}") = "recording_playback", "recording_playback.vcxproj", "{86932502-1B37-4492-B51D-DF49A9415155}"
EndProject
Project("{8BC9CEB8-8B4A-11D0-8D11-00A0C91BC942}") = "simple_event", "simple_event.vcxproj", "{D4ACB8CB-16FA-4B96-8F06-A1BC44BF7773}"
EndProject
Global
	GlobalSection(SolutionConfigurationPlatforms) = preSolution
		Debug|Win32 = Debug|Win32
		Debug|x64 = Debug|x64
		Debug|ARM64 = Debug|ARM64
		Release|Win32 = Release|Win32
		Release|x64 = Release|x64
		Release|ARM64 = Release|ARM64
	EndGlobalSection
	GlobalSection(ProjectConfigurationPlatforms) = postSolution
		{7C4FE12E-94E7-403B-A611-B973333A2881}.Debug|Win32.ActiveCfg = Debug|Win32
		{7C4FE12E-94E7-403B-A611-B973333A2881}.Debug|Win32.Build.0 = Debug|Win32
		{7C4FE12E-94E7-403B-A611-B973333A2881}.Debug|Win32.Deploy.0 = Debug|Win32
		{7C4FE12E-94E7-403B-A611-B973333A2881}.Debug|x64.ActiveCfg = Debug|x64
		{7C4FE12E-94E7-403B-A611-B973333A2881}.Debug|x64.Build.0 = Debug|x64
		{7C4FE12E-94E7-403B-A611-B973333A2881}.Debug|x64.Deploy.0 = Debug|x64
		{7C4FE12E-94E7-403B-A611-B973333A2881}.Debug|ARM64.ActiveCfg = Debug|ARM64
		{7C4FE12E-94E7-403B-A611-B973333A2881}.Debug|ARM64.Build.0 = Debug|ARM64
		{7C4FE12E-94E7-403B-A611-B973333A2881}.Debug|ARM64.Deploy.0 = Debug|ARM64
		{7C4FE12E-94E7-403B-A611-B973333A2881}.Release|Win32.ActiveCfg = Release|Win32
		{7C4FE12E-94E7-403B-A611-B973333A2881}.Release|Win32.Build.0 = Release|Win32
		{7C4FE12E-94E7-403B-A611-B973333A2881}.Release|Win32.Deploy.0 = Release|Win32
		{7C4FE12E-94E7-403B-A611-B973333A2881}.Release|x64.ActiveCfg = Release|x64
		{7C4FE12E-94E7-403B-A611-B973333A2881}.Release|x64.Build.0 = Release|x64
		{7C4FE12E-94E7-403B-A611-B973333A2881}.Release|x64.Deploy.0 = Release|x64
		{7C4FE12E-94E7-403B-A611-B973333A2881}.Release|ARM64.ActiveCfg = Release|ARM64
		{7C4FE12E-94E7-403B-A611-B973333A2881}.Release|ARM64.Build.0 = Release|ARM64
		{7C4FE12E-94E7-403B-A611-B973333A2881}.Release|ARM64.Deploy.0 = Release|ARM64
		{ACF60268-8D26-4177-BD49-3F745D8F5D65}.Debug|Win32.ActiveCfg = Debug|Win32
		{ACF60268-8D26-4177-BD49-3F745D8F5D65}.Debug|Win32.Build.0 = Debug|Win32
		{ACF60268-8D26-4177-BD49-3F745D8F5D65}.Debug|Win32.Deploy.0 = Debug|Win32
		{ACF60268-8D26-4177-BD49-3F745D8F5D65}.Debug|x64.ActiveCfg = Debug|x64
		{ACF60268-8D26-4177-BD49-3F745D8F5D65}.Debug|x64.Build.0 = Debug|x64
		{ACF60268-8D26-4177-BD49-3F745D8F5D65}.Debug|x64.Deploy.0 = Debug|x64
		{ACF60268-8D26-4177-BD49-3F745D8F5D65}.Debug|ARM64.ActiveCfg = Debug|ARM64
		{ACF60268-8D26-4177-BD49-3F745D8F5D65}.Debug|ARM64.Build.0 = Debug|ARM64
		{ACF60268-8D26-4177-BD49-3F745D8F5D65}.Debug|ARM64.Deploy.0 = Debug|ARM64
		{ACF60268-8D26-4177-BD49-3F745D8F5D65}.Release|Win32.ActiveCfg = Release|Win32
		{ACF60268-8D26-4177-BD49-3F745D8F5D65}.Release|Win32.Build.0 = Release|Win32
		{ACF60268-8D26-4177-BD49-3F745D8F5D65}.Release|Win32.Deploy.0 = Release|Win32
		{ACF60268-8D26-4177-BD49-3F745D8F5D65}.Release|x64.ActiveCfg = Release|x64
		{ACF60268-8D26-4177-BD49-3F745D8F5D65}.Release|x64.Build.0 = Release|x64
		{ACF60268-8D26-4177-BD49-3F745D8F5D65}.Release|x64.Deploy.0 = Release|x64
		{ACF60268-8D26-4177-BD49-3F745D8F5D65}.Release|ARM64.ActiveCfg = Release|ARM64
		{ACF60268-8D26-4177-BD49-3F745D8F5D65}.Release|ARM64.Build.0 = Release|ARM64
		{ACF60268-8D26-4177-BD49-3F745D8F5D65}.Release|ARM64.Deploy.0 = Release|ARM64
		{B795213E-7A23-47DA-8781-1D7598235EA5}.Debug|Win32.ActiveCfg = Debug|Win32
		{B795213E-7A23-47DA-8781-1D7598235EA5}.Debug|Win32.Build.0 = Debug|Win32
		{B795213E-7A23-47DA-8781-1D7598235EA5}.Debug|Win32.Deploy.0 = Debug|Win32
		{B795213E-7A23-47DA-8781-1D7598235EA5}.Debug|x64.ActiveCfg = Debug|x64
		{B795213E-7A23-47DA-8781-1D7598235EA5}.Debug|x64.Build.0 = Debug|x64
		{B795213E-7A23-47DA-8781-1D7598235EA5}.Debug|x64.Deploy.0 = Debug|x64
		{B795213E-7A23-47DA-8781-1D7598235EA5}.Debug|ARM64.ActiveCfg = Debug|ARM64
		{B795213E-7A23-47DA-8781-1D7598235EA5}.Debug|ARM64.Build.0 = Debug|ARM64
		{B795213E-7A23-47DA-8781-1D7598235EA5}.Debug|ARM64.Deploy.0 = Debug|ARM64
		{B795213E-7A23-47DA-8781-1D7598235EA5}.Release|Win32.ActiveCfg = Release|Win32
		{B795213E-7A23-47DA-8781-1D7598235EA5}.Release|Win32.Build.0 = Release|Win32
		{B795213E-7A23-47DA-8781-1D7598235EA5}.Release|Win32.Deploy.0 = Release|Win32
		{B795213E-7A23-47DA-8781-1D7598235EA5}.Release|x64.ActiveCfg = Release|x64
		{B795213E-7A23-47DA-8781-1D7598235EA5}.Release|x64.Build.0 = Release|x64
		{B795213E-7A23-47DA-8781-1D7598235EA5}.Release|x64.Deploy.0 = Release|x64
		{B795213E-7A23-47DA-8781-1D7598235EA5}.Release|ARM64.ActiveCfg = Release|ARM64
		{B795213E-7A23-47DA-8781-1D7598235EA5}.Release|ARM64.Build.0 = Release|ARM64
		{B795213E-7A23-47DA-8781-1D7598235EA5}.Release|ARM64.Deploy.0 = Release|ARM64
		{970EDA80-7918-4093-A9F1-9D313558267B}.Debug|Win32.ActiveCfg = Debug|Win32
		{970EDA80-7918-4093-A9F1-9D313558267B}.Debug|Win32.Build.0 = Debug|Win32
		{970EDA80-7918-4093-A9F1-9D313558267B}.Debug|Win32.Deploy.0 = Debug|Win32
		{970EDA80-7918-4093-A9F1-9D313558267B}.Debug|x64.ActiveCfg = Debug|x64
		{970EDA80-7918-4093-A9F1-9D313558267B}.Debug|x64.Build.0 = Debug|x64
		{970EDA80-7918-4093-A9F1-9D313558267B}.Debug|x64.Deploy.0 = Debug|x64
		{970EDA80-7918-4093-A9F1-9D313558267B}.Debug|ARM64.ActiveCfg = Debug|ARM64
		{970EDA80-7918-4093-A9F1-9D313558267B}.Debug|ARM64.Build.0 = Debug|ARM64
		{970EDA80-7918-4093-A9F1-9D313558267B}.Debug|ARM64.Deploy.0 = Debug|ARM64
		{970EDA80-7918-4093-A9F1-9D313558267B}.Release|Win32.ActiveCfg = Release|Win32
		{970EDA80-7918-4093-A9F1-9D313558267B}.Release|Win32.Build.0 = Release|Win32
		{970EDA80-7918-4093-A9F1-9D313558267B}.Release|Win32.Deploy.0 = Release|Win32
		{970EDA80-7918-4093-A9F1-9D313558267B}.Release|x64.ActiveCfg = Release|x64
		{970EDA80-7918-4093-A9F1-9D313558267B}.Release|x64.Build.0 = Release|x64
		{970EDA80-7918-4093-A9F1-9D313558267B}.Release|x64.Deploy.0 = Release|x64
		{970EDA80-7918-4093-A9F1-9D313558267B}.Release|ARM64.ActiveCfg = Release|ARM64
		{970EDA80-7918-4093-A9F1-9D313558267B}.Release|ARM64.Build.0 = Release|ARM64
		{970EDA80-7918-4093-A9F1-9D313558267B}.Release|ARM64.Deploy.0 = Release|ARM64
		{3C772902-3663-4FED-851F-7372F7B13BAB}.Debug|Win32.ActiveCfg = Debug|Win32
		{3C772902-3663-4FED-851F-7372F7B13BAB}.Debug|Win32.Build.0 = Debug|Win32
		{3C772902-3663-4FED-851F-7372F7B13BAB}.Debug|Win32.Deploy.0 = Debug|Win32
		{3C772902-3663-4FED-851F-7372F7B13BAB}.Debug|x64.ActiveCfg = Debug|x64
		{3C772902-3663-4FED-851F-7372F7B13BAB}.Debug|x64.Build.0 = Debug|x64
		{3C772902-3663-4FED-851F-7372F7B13BAB}.Debug|x64.Deploy.0 = Debug|x64
		{3C772902-3663-4FED-851F-7372F7B13BAB}.Debug|ARM64.ActiveCfg = Debug|ARM64
		{3C772902-3663-4FED-851F-7372F7B13BAB}.Debug|ARM64.Build.0 = Debug|ARM64
		{3C772902-3663-4FED-851F-7372F7B13BAB}.Debug|ARM64.Deploy.0 = Debug|ARM64
		{3C772902-3663-4FED-851F-7372F7B13BAB}.Release|Win32.ActiveCfg = Release|Win32
		{3C772902-3663-4FED-851F-7372F7B13BAB}.Release|Win32.Build.0 = Release|Win32
		{3C772902-3663-4FED-851F-7372F7B13BAB}.Release|Win32.Deploy.0 = Release|Win32
		{3C772902-3663-4FED-851F-7372F7B13BAB}.Release|x64.ActiveCfg = Release|x64
		{3C772902-3663-4FED-851F-7372F7B13BAB}.Release|x64.Build.0 = Release|x64
		{3C772902-3663-4FED-851F-7372F7B13BAB}.Release|x64.Deploy.0 = Release|x64
		{3C772902-3663-4FED-851F-7372F7B13BAB}.Release|ARM64.ActiveCfg = Release|ARM64
		{3C772902-3663-4FED-851F-7372F7B13BAB}.Release|ARM64.Build.0 = Release|ARM64
		{3C772902-3663-4FED-851F-7372F7B13BAB}.Release|ARM64.Deploy.0 = Release|ARM64
		{7B515EB3-803D-4E24-85A6-17353DC07C0E}.Debug|Win32.ActiveCfg = Debug|Win32
		{7B515EB3-803D-4E24-85A6-17353DC07C0E}.Debug|Win32.Build.0 = Debug|Win32
		{7B515EB3-803D-4E24-85A6-17353DC07C0E}.Debug|Win32.Deploy.0 = Debug|Win32
		{7B515EB3-803D-4E24-85A6-17353DC07C0E}.Debug|x64.ActiveCfg = Debug|x64
		{7B515EB3-803D-4E24-85A6-17353DC07C0E}.Debug|x64.Build.0 = Debug|x64
		{7B515EB3-803D-4E24-85A6-17353DC07C0E}.Debug|x64.Deploy.0 = Debug|x64
		{7B515EB3-803D-4E24-85A6-17353DC07C0E}.Debug|ARM64.ActiveCfg = Debug|ARM64
		{7B515EB3-803D-4E24-85A6-17353DC07C0E}.Debug|ARM64.Build.0 = Debug|ARM64
		{7B515EB3-803D-4E24-85A6-17353DC07C0E}.Debug|ARM64.Deploy.0 = Debug|ARM64
		{7B515EB3-803D-4E24-85A6-17353DC07C0E}.Release|Win32.ActiveCfg = Release|Win32
		{7B515EB3-803D-4E24-85A6-17353DC07C0E}.Release|Win32.Build.0 = Release|Win32
		{7B515EB3-803D-4E24-85A6-17353DC07C0E}.Release|Win32.Deploy.0 = Release|Win32
		{7B515EB3-803D-4E24-85A6-17353DC07C0E}.Release|x64.ActiveCfg = Release|x64
		{7B515EB3-803D-4E24-85A6-17353DC07C0E}.Release|x64.Build.0 = Release|x64
		{7B515EB3-803D-4E24-85A6-17353DC07C0E}.Release|x64.Deploy.0 = Release|x64
		{7B515EB3-803D-4E24-85A6-17353DC07C0E}.Release|ARM64.ActiveCfg = Release|ARM64
		{7B515EB3-803D-4E24-85A6-17353DC07C0E}.Release|ARM64.Build.0 = Release|ARM64
		{7B515EB3-803D-4E24-85A6-17353DC07C0E}.Release|ARM64.Deploy.0 = Release|ARM64
		{13751364-9E58-4594-A5FB-36949F5DC085}.Debug|Win32.ActiveCfg = Debug|Win32
		{13751364-9E58-4594-A5FB-36949F5DC085}.Debug|Win32.Build.0 = Debug|Win32
		{13751364-9E58-4594-A5FB-36949F5DC085}.Debug|Win32.Deploy.0 = Debug|Win32
		{13751364-9E58-4594-A5FB-36949F5DC085}.Debug|x64.ActiveCfg = Debug|x64
		{13751364-9E58-4594-A5FB-36949F5DC085}.Debug|x64.Build.0 = Debug|x64
		{13751364-9E58-4594-A5FB-36949F5DC085}.Debug|x64.Deploy.0 = Debug|x64
		{13751364-9E58-4594-A5FB-36949F5DC085}.Debug|ARM64.ActiveCfg = Debug|ARM64
		{13751364-9E58-4594-A5FB-36949F5DC085}.Debug|ARM64.Build.0 = Debug|ARM64
		{13751364-9E58-4594-A5FB-36949F5DC085}.Debug|ARM64.Deploy.0 = Debug|ARM64
		{13751364-9E58-4594-A5FB-36949F5DC085}.Release|Win32.ActiveCfg = Release|Win32
		{13751364-9E58-4594-A5FB-36949F5DC085}.Release|Win32.Build.0 = Release|Win32
		{13751364-9E58-4594-A5FB-36949F5DC085}.Release|Win32.Deploy.0 = Release|Win32
		{13751364-9E58-4594-A5FB-36949F5DC085}.Release|x64.ActiveCfg = Release|x64
		{13751364-9E58-4594-A5FB-36949F5DC085}.Release|x64.Build.0 = Release|x64
		{13751364-9E58-4594-A5FB-36949F5DC085}.Release|x64.Deploy.0 = Release|x64
		{13751364-9E58-4594-A5FB-36949F5DC085}.Release|ARM64.ActiveCfg = Release|ARM64
		{13751364-9E58-4594-A5FB-36949F5DC085}.Release|ARM64.Build.0 = Release|ARM64
		{13751364-9E58-4594-A5FB-36949F5DC085}.Release|ARM64.Deploy.0 = Release|ARM64
		{86932502-1B37-4492-B51D-DF49A9415155}.Debug|Win32.ActiveCfg = Debug|Win32
		{86932502-1B37-4492-B51D-DF49A9415155}.Debug|Win32.Build.0 = Debug|Win32
		{86932502-1B37-4492-B51D-DF49A9415155}.Debug|Win32.Deploy.0 = Debug|Win32
		{86932502-1B37-4492-B51D-DF49A9415155}.Debug|x64.ActiveCfg = Debug|x64
		{86932502-1B37-4492-B51D-DF49A9415155}.Debug|x64.Build.0 = Debug|x64
		{86932502-1B37-4492-B51D-DF49A9415155}.Debug|x64.Deploy.0 = Debug|x64
		{86932502-1B37-4492-B51D-DF49A9415155}.Debug|ARM64.ActiveCfg = Debug|ARM64
		{86932502-1B37-4492-B51D-DF49A9415155}.Debug|ARM64.Build.0 = Debug|ARM64
		{86932502-1B37-4492-B51D-DF49A9415155}.Debug|ARM64.Deploy.0 = Debug|ARM64
		{86932502-1B37-4492-B51D-DF49A9415155}.Release|Win32.ActiveCfg = Release|Win32
		{86932502-1B37-4492-B51D-DF49A9415155}.Release|Win32.Build.0 = Release|Win32
		{86932502-1B37-4492-B51D-DF49A9415155}.Release|Win32.Deploy.0 = Release|Win32
		{86932502-1B37-4492-B51D-DF49A9415155}.Release|x64.ActiveCfg = Release|x64
		{86932502-1B37-4492-B51D-DF49A9415155}.Release|x64.Build.0 = Release|x64
		{86932502-1B37-4492-B51D-DF49A9415155}.Release|x64.Deploy.0 = Release|x64
		{86932502-1B37-4492-B51D-DF49A9415155}.Release|ARM64.ActiveCfg = Release|ARM64
		{86932502-1B37-4492-B51D-DF49A9415155}.Release|ARM64.Build.0 = Release|ARM64
		{86932502-1B37-4492-B51D-DF49A9415155}.Release|ARM64.Deploy.0 = Release|ARM64
		{D4ACB8CB-16FA-4B96-8F06-A1BC44BF7773}.Debug|Win32.ActiveCfg = Debug|Win32
		{D4ACB8CB-16FA-4B96-8F06-A1BC44BF7773}.Debug|Win32.Build.0 = Debug|Win32
		{D4ACB8CB-16FA-4B96-8F06-A1BC44BF7773}.Debug|Win32.Deploy.0 = Debug|Win32
		{D4ACB8CB-16FA-4B96-8F06-A1BC44BF7773}.Debug|x64.ActiveCfg = Debug|x64
		{D4ACB8CB-16FA-4B96-8F06-A1BC44BF7773}.Debug|x64.Build.0 = Debug|x64
		{D4ACB8CB-16FA-4B96-8F06-A1BC44BF7773}.Debug|x64.Deploy.0 = Debug|x64
		{D4ACB8CB-16FA-4B96-8F06-A1BC44BF7773}.Debug|ARM64.ActiveCfg = Debug|ARM64
		{D4ACB8CB-16FA-4B96-8F06-A1BC44BF7773}.Debug|ARM64.Build.0 = Debug|ARM64
		{D4ACB8CB-16FA-4B96-8F06-A1BC44BF7773}.Debug|ARM64.Deploy.0 = Debug|ARM64
		{D4ACB8CB-16FA-4B96-8F06-A1BC44BF7773}.Release|Win32.ActiveCfg = Release|Win32
		{D4ACB8CB-16FA-4B96-8F06-A1BC44BF7773}.Release|Win32.Build.0 = Release|Win32
		{D4ACB8CB-16FA-4B96-8F06-A1BC44BF7773}.Release|Win32.Deploy.0 = Release|Win32
		{D4ACB8CB-16FA-4B96-8F06-A1BC44BF7773}.Release|x64.ActiveCfg = Release|x64
		{D4ACB8CB-16FA-4B96-8F06-A1BC44BF7773}.Release|x64.Build.0 = Release|x64
		{D4ACB8CB-16FA-4B96-8F06-A1BC44BF7773}.Release|x64.Deploy.0 = Release|x64
		{D4ACB8CB-16FA-4B96-8F06-A1BC44BF7773}.Release|ARM64.ActiveCfg = Release|ARM64
		{D4ACB8CB-16FA-4B96-8F06-A1BC44BF7773}.Release|ARM64.Build.0 = Release|ARM64
		{D4ACB8CB-16FA-4B96-8F06-A1BC44BF7773}.Release|ARM64.Deploy.0 = Release|ARM64
	EndGlobalSection
	GlobalSection(SolutionProperties) = preSolution
		HideSolutionNode = FALSE
	EndGlobalSection
EndGlobal
