
Microsoft Visual Studio Solution File, Format Version 11.00
# Visual Studio Version 16
Project("{8BC9CEB8-8B4A-11D0-8D11-00A0C91BC942}") = "3d", "3d.vcxproj", "{1DE8AE0B-24D3-4260-9953-965919AEA439}"
EndProject
Project("{8BC9CEB8-8B4A-11D0-8D11-00A0C91BC942}") = "asyncio", "asyncio.vcxproj", "{12B212D6-A7D9-4ED9-9AA6-FDDCF449D2A6}"
EndProject
Project("{8BC9CEB8-8B4A-11D0-8D11-00A0C91BC942}") = "channel_groups", "channel_groups.vcxproj", "{2E176FA3-FD23-4671-BD38-32CEA190761D}"
EndProject
Project("{8BC9CEB8-8B4A-11D0-8D11-00A0C91BC942}") = "convolution_reverb", "convolution_reverb.vcxproj", "{5A6EE5D2-A89A-4C92-9118-108877EBC3E6}"
EndProject
Project("{8BC9CEB8-8B4A-11D0-8D11-00A0C91BC942}") = "dsp_custom", "dsp_custom.vcxproj", "{610E5EFB-EBA5-4716-9461-22951D063D01}"
EndProject
Project("{8BC9CEB8-8B4A-11D0-8D11-00A0C91BC942}") = "dsp_effect_per_speaker", "dsp_effect_per_speaker.vcxproj", "{2FF8A51F-1B23-4F59-9D65-623BFF44909E}"
EndProject
Project("{8BC9CEB8-8B4A-11D0-8D11-00A0C91BC942}") = "dsp_inspector", "dsp_inspector.vcxproj", "{BF251832-7E8F-499A-85FF-7DE66628E4A5}"
EndProject
Project("{8BC9CEB8-8B4A-11D0-8D11-00A0C91BC942}") = "effects", "effects.vcxproj", "{A0FCD706-552F-4087-AED7-9EDBF09A2E24}"
EndProject
Project("{8BC9CEB8-8B4A-11D0-8D11-00A0C91BC942}") = "gapless_playback", "gapless_playback.vcxproj", "{A8E6CB3A-0A3A-4871-8DC1-CD1AB39142AE}"
EndProject
Project("{8BC9CEB8-8B4A-11D0-8D11-00A0C91BC942}") = "generate_tone", "generate_tone.vcxproj", "{113BCB43-A39E-4828-9FE8-2281B14A22DC}"
EndProject
Project("{8BC9CEB8-8B4A-11D0-8D11-00A0C91BC942}") = "granular_synth", "granular_synth.vcxproj", "{99AF8A61-CEE4-4D50-A7FE-3AFA935B78A4}"
EndProject
Project("{8BC9CEB8-8B4A-11D0-8D11-00A0C91BC942}") = "load_from_memory", "load_from_memory.vcxproj", "{D5BF95FD-2F4F-419E-B691-94A8866AB7E1}"
EndProject
Project("{8BC9CEB8-8B4A-11D0-8D11-00A0C91BC942}") = "multiple_speaker", "multiple_speaker.vcxproj", "{977333A9-0164-4930-9A3D-61AA28C67E1B}"
EndProject
Project("{8BC9CEB8-8B4A-11D0-8D11-00A0C91BC942}") = "multiple_system", "multiple_system.vcxproj", "{C053AAA3-D969-4010-BBC4-221B739D1176}"
EndProject
Project("{8BC9CEB8-8B4A-11D0-8D11-00A0C91BC942}") = "net_stream", "net_stream.vcxproj", "{2B5EB0CF-653A-40F7-B669-54FAAFD3961B}"
EndProject
Project("{8BC9CEB8-8B4A-11D0-8D11-00A0C91BC942}") = "play_sound", "play_sound.vcxproj", "{88B571A1-0C68-428F-AD55-746D70C26588}"
EndProject
Project("{8BC9CEB8-8B4A-11D0-8D11-00A0C91BC942}") = "play_stream", "play_stream.vcxproj", "{23E482DB-8431-4230-BBCE-AF6AA87C2CFA}"
EndProject
Project("{8BC9CEB8-8B4A-11D0-8D11-00A0C91BC942}") = "record", "record.vcxproj", "{F35654D1-461E-42CE-9C43-EA68A29A7627}"
EndProject
Project("{8BC9CEB8-8B4A-11D0-8D11-00A0C91BC942}") = "record_enumeration", "record_enumeration.vcxproj", "{13664D40-AB89-4BCC-8B32-A87BD7F36569}"
EndProject
Project("{8BC9CEB8-8B4A-11D0-8D11-00A0C91BC942}") = "user_created_sound", "user_created_sound.vcxproj", "{885E2765-3906-4B0B-9F91-94BE01D9B115}"
EndProject
Project("{8BC9CEB8-8B4A-11D0-8D11-00A0C91BC942}") = "fmod_codec_raw", "fmod_codec_raw.vcxproj", "{B02B7271-8063-4325-88B9-C4346452806D}"
EndProject
Project("{8BC9CEB8-8B4A-11D0-8D11-00A0C91BC942}") = "fmod_distance_filter", "fmod_distance_filter.vcxproj", "{EFDCB703-DA71-4ED1-9B92-9E9A414EF016}"
EndProject
Project("{8BC9CEB8-8B4A-11D0-8D11-00A0C91BC942}") = "fmod_gain", "fmod_gain.vcxproj", "{4E3CE5C4-2D68-4119-A418-A639C0FBBC3B}"
EndProject
Project("{8BC9CEB8-8B4A-11D0-8D11-00A0C91BC942}") = "fmod_noise", "fmod_noise.vcxproj", "{758082EC-F366-4AE4-848F-F72B500084C0}"
EndProject
Project("{8BC9CEB8-8B4A-11D0-8D11-00A0C91BC942}") = "fmod_rnbo", "fmod_rnbo.vcxproj", "{42F5AA48-BC1F-425C-9E1F-30D68165906A}"
EndProject
Project("{8BC9CEB8-8B4A-11D0-8D11-00A0C91BC942}") = "output_mp3", "output_mp3.vcxproj", "{A0248E08-31CA-49E4-AE38-0262FDC2CD55}"
EndProject
Global
	GlobalSection(SolutionConfigurationPlatforms) = preSolution
		Debug|Win32 = Debug|Win32
		Debug|x64 = Debug|x64
		Debug|ARM64 = Debug|ARM64
		Release|Win32 = Release|Win32
		Release|x64 = Release|x64
		Release|ARM64 = Release|ARM64
	EndGlobalSection
	GlobalSection(ProjectConfigurationPlatforms) = postSolution
		{1DE8AE0B-24D3-4260-9953-965919AEA439}.Debug|Win32.ActiveCfg = Debug|Win32
		{1DE8AE0B-24D3-4260-9953-965919AEA439}.Debug|Win32.Build.0 = Debug|Win32
		{1DE8AE0B-24D3-4260-9953-965919AEA439}.Debug|Win32.Deploy.0 = Debug|Win32
		{1DE8AE0B-24D3-4260-9953-965919AEA439}.Debug|x64.ActiveCfg = Debug|x64
		{1DE8AE0B-24D3-4260-9953-965919AEA439}.Debug|x64.Build.0 = Debug|x64
		{1DE8AE0B-24D3-4260-9953-965919AEA439}.Debug|x64.Deploy.0 = Debug|x64
		{1DE8AE0B-24D3-4260-9953-965919AEA439}.Debug|ARM64.ActiveCfg = Debug|ARM64
		{1DE8AE0B-24D3-4260-9953-965919AEA439}.Debug|ARM64.Build.0 = Debug|ARM64
		{1DE8AE0B-24D3-4260-9953-965919AEA439}.Debug|ARM64.Deploy.0 = Debug|ARM64
		{1DE8AE0B-24D3-4260-9953-965919AEA439}.Release|Win32.ActiveCfg = Release|Win32
		{1DE8AE0B-24D3-4260-9953-965919AEA439}.Release|Win32.Build.0 = Release|Win32
		{1DE8AE0B-24D3-4260-9953-965919AEA439}.Release|Win32.Deploy.0 = Release|Win32
		{1DE8AE0B-24D3-4260-9953-965919AEA439}.Release|x64.ActiveCfg = Release|x64
		{1DE8AE0B-24D3-4260-9953-965919AEA439}.Release|x64.Build.0 = Release|x64
		{1DE8AE0B-24D3-4260-9953-965919AEA439}.Release|x64.Deploy.0 = Release|x64
		{1DE8AE0B-24D3-4260-9953-965919AEA439}.Release|ARM64.ActiveCfg = Release|ARM64
		{1DE8AE0B-24D3-4260-9953-965919AEA439}.Release|ARM64.Build.0 = Release|ARM64
		{1DE8AE0B-24D3-4260-9953-965919AEA439}.Release|ARM64.Deploy.0 = Release|ARM64
		{12B212D6-A7D9-4ED9-9AA6-FDDCF449D2A6}.Debug|Win32.ActiveCfg = Debug|Win32
		{12B212D6-A7D9-4ED9-9AA6-FDDCF449D2A6}.Debug|Win32.Build.0 = Debug|Win32
		{12B212D6-A7D9-4ED9-9AA6-FDDCF449D2A6}.Debug|Win32.Deploy.0 = Debug|Win32
		{12B212D6-A7D9-4ED9-9AA6-FDDCF449D2A6}.Debug|x64.ActiveCfg = Debug|x64
		{12B212D6-A7D9-4ED9-9AA6-FDDCF449D2A6}.Debug|x64.Build.0 = Debug|x64
		{12B212D6-A7D9-4ED9-9AA6-FDDCF449D2A6}.Debug|x64.Deploy.0 = Debug|x64
		{12B212D6-A7D9-4ED9-9AA6-FDDCF449D2A6}.Debug|ARM64.ActiveCfg = Debug|ARM64
		{12B212D6-A7D9-4ED9-9AA6-FDDCF449D2A6}.Debug|ARM64.Build.0 = Debug|ARM64
		{12B212D6-A7D9-4ED9-9AA6-FDDCF449D2A6}.Debug|ARM64.Deploy.0 = Debug|ARM64
		{12B212D6-A7D9-4ED9-9AA6-FDDCF449D2A6}.Release|Win32.ActiveCfg = Release|Win32
		{12B212D6-A7D9-4ED9-9AA6-FDDCF449D2A6}.Release|Win32.Build.0 = Release|Win32
		{12B212D6-A7D9-4ED9-9AA6-FDDCF449D2A6}.Release|Win32.Deploy.0 = Release|Win32
		{12B212D6-A7D9-4ED9-9AA6-FDDCF449D2A6}.Release|x64.ActiveCfg = Release|x64
		{12B212D6-A7D9-4ED9-9AA6-FDDCF449D2A6}.Release|x64.Build.0 = Release|x64
		{12B212D6-A7D9-4ED9-9AA6-FDDCF449D2A6}.Release|x64.Deploy.0 = Release|x64
		{12B212D6-A7D9-4ED9-9AA6-FDDCF449D2A6}.Release|ARM64.ActiveCfg = Release|ARM64
		{12B212D6-A7D9-4ED9-9AA6-FDDCF449D2A6}.Release|ARM64.Build.0 = Release|ARM64
		{12B212D6-A7D9-4ED9-9AA6-FDDCF449D2A6}.Release|ARM64.Deploy.0 = Release|ARM64
		{2E176FA3-FD23-4671-BD38-32CEA190761D}.Debug|Win32.ActiveCfg = Debug|Win32
		{2E176FA3-FD23-4671-BD38-32CEA190761D}.Debug|Win32.Build.0 = Debug|Win32
		{2E176FA3-FD23-4671-BD38-32CEA190761D}.Debug|Win32.Deploy.0 = Debug|Win32
		{2E176FA3-FD23-4671-BD38-32CEA190761D}.Debug|x64.ActiveCfg = Debug|x64
		{2E176FA3-FD23-4671-BD38-32CEA190761D}.Debug|x64.Build.0 = Debug|x64
		{2E176FA3-FD23-4671-BD38-32CEA190761D}.Debug|x64.Deploy.0 = Debug|x64
		{2E176FA3-FD23-4671-BD38-32CEA190761D}.Debug|ARM64.ActiveCfg = Debug|ARM64
		{2E176FA3-FD23-4671-BD38-32CEA190761D}.Debug|ARM64.Build.0 = Debug|ARM64
		{2E176FA3-FD23-4671-BD38-32CEA190761D}.Debug|ARM64.Deploy.0 = Debug|ARM64
		{2E176FA3-FD23-4671-BD38-32CEA190761D}.Release|Win32.ActiveCfg = Release|Win32
		{2E176FA3-FD23-4671-BD38-32CEA190761D}.Release|Win32.Build.0 = Release|Win32
		{2E176FA3-FD23-4671-BD38-32CEA190761D}.Release|Win32.Deploy.0 = Release|Win32
		{2E176FA3-FD23-4671-BD38-32CEA190761D}.Release|x64.ActiveCfg = Release|x64
		{2E176FA3-FD23-4671-BD38-32CEA190761D}.Release|x64.Build.0 = Release|x64
		{2E176FA3-FD23-4671-BD38-32CEA190761D}.Release|x64.Deploy.0 = Release|x64
		{2E176FA3-FD23-4671-BD38-32CEA190761D}.Release|ARM64.ActiveCfg = Release|ARM64
		{2E176FA3-FD23-4671-BD38-32CEA190761D}.Release|ARM64.Build.0 = Release|ARM64
		{2E176FA3-FD23-4671-BD38-32CEA190761D}.Release|ARM64.Deploy.0 = Release|ARM64
		{5A6EE5D2-A89A-4C92-9118-108877EBC3E6}.Debug|Win32.ActiveCfg = Debug|Win32
		{5A6EE5D2-A89A-4C92-9118-108877EBC3E6}.Debug|Win32.Build.0 = Debug|Win32
		{5A6EE5D2-A89A-4C92-9118-108877EBC3E6}.Debug|Win32.Deploy.0 = Debug|Win32
		{5A6EE5D2-A89A-4C92-9118-108877EBC3E6}.Debug|x64.ActiveCfg = Debug|x64
		{5A6EE5D2-A89A-4C92-9118-108877EBC3E6}.Debug|x64.Build.0 = Debug|x64
		{5A6EE5D2-A89A-4C92-9118-108877EBC3E6}.Debug|x64.Deploy.0 = Debug|x64
		{5A6EE5D2-A89A-4C92-9118-108877EBC3E6}.Debug|ARM64.ActiveCfg = Debug|ARM64
		{5A6EE5D2-A89A-4C92-9118-108877EBC3E6}.Debug|ARM64.Build.0 = Debug|ARM64
		{5A6EE5D2-A89A-4C92-9118-108877EBC3E6}.Debug|ARM64.Deploy.0 = Debug|ARM64
		{5A6EE5D2-A89A-4C92-9118-108877EBC3E6}.Release|Win32.ActiveCfg = Release|Win32
		{5A6EE5D2-A89A-4C92-9118-108877EBC3E6}.Release|Win32.Build.0 = Release|Win32
		{5A6EE5D2-A89A-4C92-9118-108877EBC3E6}.Release|Win32.Deploy.0 = Release|Win32
		{5A6EE5D2-A89A-4C92-9118-108877EBC3E6}.Release|x64.ActiveCfg = Release|x64
		{5A6EE5D2-A89A-4C92-9118-108877EBC3E6}.Release|x64.Build.0 = Release|x64
		{5A6EE5D2-A89A-4C92-9118-108877EBC3E6}.Release|x64.Deploy.0 = Release|x64
		{5A6EE5D2-A89A-4C92-9118-108877EBC3E6}.Release|ARM64.ActiveCfg = Release|ARM64
		{5A6EE5D2-A89A-4C92-9118-108877EBC3E6}.Release|ARM64.Build.0 = Release|ARM64
		{5A6EE5D2-A89A-4C92-9118-108877EBC3E6}.Release|ARM64.Deploy.0 = Release|ARM64
		{610E5EFB-EBA5-4716-9461-22951D063D01}.Debug|Win32.ActiveCfg = Debug|Win32
		{610E5EFB-EBA5-4716-9461-22951D063D01}.Debug|Win32.Build.0 = Debug|Win32
		{610E5EFB-EBA5-4716-9461-22951D063D01}.Debug|Win32.Deploy.0 = Debug|Win32
		{610E5EFB-EBA5-4716-9461-22951D063D01}.Debug|x64.ActiveCfg = Debug|x64
		{610E5EFB-EBA5-4716-9461-22951D063D01}.Debug|x64.Build.0 = Debug|x64
		{610E5EFB-EBA5-4716-9461-22951D063D01}.Debug|x64.Deploy.0 = Debug|x64
		{610E5EFB-EBA5-4716-9461-22951D063D01}.Debug|ARM64.ActiveCfg = Debug|ARM64
		{610E5EFB-EBA5-4716-9461-22951D063D01}.Debug|ARM64.Build.0 = Debug|ARM64
		{610E5EFB-EBA5-4716-9461-22951D063D01}.Debug|ARM64.Deploy.0 = Debug|ARM64
		{610E5EFB-EBA5-4716-9461-22951D063D01}.Release|Win32.ActiveCfg = Release|Win32
		{610E5EFB-EBA5-4716-9461-22951D063D01}.Release|Win32.Build.0 = Release|Win32
		{610E5EFB-EBA5-4716-9461-22951D063D01}.Release|Win32.Deploy.0 = Release|Win32
		{610E5EFB-EBA5-4716-9461-22951D063D01}.Release|x64.ActiveCfg = Release|x64
		{610E5EFB-EBA5-4716-9461-22951D063D01}.Release|x64.Build.0 = Release|x64
		{610E5EFB-EBA5-4716-9461-22951D063D01}.Release|x64.Deploy.0 = Release|x64
		{610E5EFB-EBA5-4716-9461-22951D063D01}.Release|ARM64.ActiveCfg = Release|ARM64
		{610E5EFB-EBA5-4716-9461-22951D063D01}.Release|ARM64.Build.0 = Release|ARM64
		{610E5EFB-EBA5-4716-9461-22951D063D01}.Release|ARM64.Deploy.0 = Release|ARM64
		{2FF8A51F-1B23-4F59-9D65-623BFF44909E}.Debug|Win32.ActiveCfg = Debug|Win32
		{2FF8A51F-1B23-4F59-9D65-623BFF44909E}.Debug|Win32.Build.0 = Debug|Win32
		{2FF8A51F-1B23-4F59-9D65-623BFF44909E}.Debug|Win32.Deploy.0 = Debug|Win32
		{2FF8A51F-1B23-4F59-9D65-623BFF44909E}.Debug|x64.ActiveCfg = Debug|x64
		{2FF8A51F-1B23-4F59-9D65-623BFF44909E}.Debug|x64.Build.0 = Debug|x64
		{2FF8A51F-1B23-4F59-9D65-623BFF44909E}.Debug|x64.Deploy.0 = Debug|x64
		{2FF8A51F-1B23-4F59-9D65-623BFF44909E}.Debug|ARM64.ActiveCfg = Debug|ARM64
		{2FF8A51F-1B23-4F59-9D65-623BFF44909E}.Debug|ARM64.Build.0 = Debug|ARM64
		{2FF8A51F-1B23-4F59-9D65-623BFF44909E}.Debug|ARM64.Deploy.0 = Debug|ARM64
		{2FF8A51F-1B23-4F59-9D65-623BFF44909E}.Release|Win32.ActiveCfg = Release|Win32
		{2FF8A51F-1B23-4F59-9D65-623BFF44909E}.Release|Win32.Build.0 = Release|Win32
		{2FF8A51F-1B23-4F59-9D65-623BFF44909E}.Release|Win32.Deploy.0 = Release|Win32
		{2FF8A51F-1B23-4F59-9D65-623BFF44909E}.Release|x64.ActiveCfg = Release|x64
		{2FF8A51F-1B23-4F59-9D65-623BFF44909E}.Release|x64.Build.0 = Release|x64
		{2FF8A51F-1B23-4F59-9D65-623BFF44909E}.Release|x64.Deploy.0 = Release|x64
		{2FF8A51F-1B23-4F59-9D65-623BFF44909E}.Release|ARM64.ActiveCfg = Release|ARM64
		{2FF8A51F-1B23-4F59-9D65-623BFF44909E}.Release|ARM64.Build.0 = Release|ARM64
		{2FF8A51F-1B23-4F59-9D65-623BFF44909E}.Release|ARM64.Deploy.0 = Release|ARM64
		{BF251832-7E8F-499A-85FF-7DE66628E4A5}.Debug|Win32.ActiveCfg = Debug|Win32
		{BF251832-7E8F-499A-85FF-7DE66628E4A5}.Debug|Win32.Build.0 = Debug|Win32
		{BF251832-7E8F-499A-85FF-7DE66628E4A5}.Debug|Win32.Deploy.0 = Debug|Win32
		{BF251832-7E8F-499A-85FF-7DE66628E4A5}.Debug|x64.ActiveCfg = Debug|x64
		{BF251832-7E8F-499A-85FF-7DE66628E4A5}.Debug|x64.Build.0 = Debug|x64
		{BF251832-7E8F-499A-85FF-7DE66628E4A5}.Debug|x64.Deploy.0 = Debug|x64
		{BF251832-7E8F-499A-85FF-7DE66628E4A5}.Debug|ARM64.ActiveCfg = Debug|ARM64
		{BF251832-7E8F-499A-85FF-7DE66628E4A5}.Debug|ARM64.Build.0 = Debug|ARM64
		{BF251832-7E8F-499A-85FF-7DE66628E4A5}.Debug|ARM64.Deploy.0 = Debug|ARM64
		{BF251832-7E8F-499A-85FF-7DE66628E4A5}.Release|Win32.ActiveCfg = Release|Win32
		{BF251832-7E8F-499A-85FF-7DE66628E4A5}.Release|Win32.Build.0 = Release|Win32
		{BF251832-7E8F-499A-85FF-7DE66628E4A5}.Release|Win32.Deploy.0 = Release|Win32
		{BF251832-7E8F-499A-85FF-7DE66628E4A5}.Release|x64.ActiveCfg = Release|x64
		{BF251832-7E8F-499A-85FF-7DE66628E4A5}.Release|x64.Build.0 = Release|x64
		{BF251832-7E8F-499A-85FF-7DE66628E4A5}.Release|x64.Deploy.0 = Release|x64
		{BF251832-7E8F-499A-85FF-7DE66628E4A5}.Release|ARM64.ActiveCfg = Release|ARM64
		{BF251832-7E8F-499A-85FF-7DE66628E4A5}.Release|ARM64.Build.0 = Release|ARM64
		{BF251832-7E8F-499A-85FF-7DE66628E4A5}.Release|ARM64.Deploy.0 = Release|ARM64
		{A0FCD706-552F-4087-AED7-9EDBF09A2E24}.Debug|Win32.ActiveCfg = Debug|Win32
		{A0FCD706-552F-4087-AED7-9EDBF09A2E24}.Debug|Win32.Build.0 = Debug|Win32
		{A0FCD706-552F-4087-AED7-9EDBF09A2E24}.Debug|Win32.Deploy.0 = Debug|Win32
		{A0FCD706-552F-4087-AED7-9EDBF09A2E24}.Debug|x64.ActiveCfg = Debug|x64
		{A0FCD706-552F-4087-AED7-9EDBF09A2E24}.Debug|x64.Build.0 = Debug|x64
		{A0FCD706-552F-4087-AED7-9EDBF09A2E24}.Debug|x64.Deploy.0 = Debug|x64
		{A0FCD706-552F-4087-AED7-9EDBF09A2E24}.Debug|ARM64.ActiveCfg = Debug|ARM64
		{A0FCD706-552F-4087-AED7-9EDBF09A2E24}.Debug|ARM64.Build.0 = Debug|ARM64
		{A0FCD706-552F-4087-AED7-9EDBF09A2E24}.Debug|ARM64.Deploy.0 = Debug|ARM64
		{A0FCD706-552F-4087-AED7-9EDBF09A2E24}.Release|Win32.ActiveCfg = Release|Win32
		{A0FCD706-552F-4087-AED7-9EDBF09A2E24}.Release|Win32.Build.0 = Release|Win32
		{A0FCD706-552F-4087-AED7-9EDBF09A2E24}.Release|Win32.Deploy.0 = Release|Win32
		{A0FCD706-552F-4087-AED7-9EDBF09A2E24}.Release|x64.ActiveCfg = Release|x64
		{A0FCD706-552F-4087-AED7-9EDBF09A2E24}.Release|x64.Build.0 = Release|x64
		{A0FCD706-552F-4087-AED7-9EDBF09A2E24}.Release|x64.Deploy.0 = Release|x64
		{A0FCD706-552F-4087-AED7-9EDBF09A2E24}.Release|ARM64.ActiveCfg = Release|ARM64
		{A0FCD706-552F-4087-AED7-9EDBF09A2E24}.Release|ARM64.Build.0 = Release|ARM64
		{A0FCD706-552F-4087-AED7-9EDBF09A2E24}.Release|ARM64.Deploy.0 = Release|ARM64
		{A8E6CB3A-0A3A-4871-8DC1-CD1AB39142AE}.Debug|Win32.ActiveCfg = Debug|Win32
		{A8E6CB3A-0A3A-4871-8DC1-CD1AB39142AE}.Debug|Win32.Build.0 = Debug|Win32
		{A8E6CB3A-0A3A-4871-8DC1-CD1AB39142AE}.Debug|Win32.Deploy.0 = Debug|Win32
		{A8E6CB3A-0A3A-4871-8DC1-CD1AB39142AE}.Debug|x64.ActiveCfg = Debug|x64
		{A8E6CB3A-0A3A-4871-8DC1-CD1AB39142AE}.Debug|x64.Build.0 = Debug|x64
		{A8E6CB3A-0A3A-4871-8DC1-CD1AB39142AE}.Debug|x64.Deploy.0 = Debug|x64
		{A8E6CB3A-0A3A-4871-8DC1-CD1AB39142AE}.Debug|ARM64.ActiveCfg = Debug|ARM64
		{A8E6CB3A-0A3A-4871-8DC1-CD1AB39142AE}.Debug|ARM64.Build.0 = Debug|ARM64
		{A8E6CB3A-0A3A-4871-8DC1-CD1AB39142AE}.Debug|ARM64.Deploy.0 = Debug|ARM64
		{A8E6CB3A-0A3A-4871-8DC1-CD1AB39142AE}.Release|Win32.ActiveCfg = Release|Win32
		{A8E6CB3A-0A3A-4871-8DC1-CD1AB39142AE}.Release|Win32.Build.0 = Release|Win32
		{A8E6CB3A-0A3A-4871-8DC1-CD1AB39142AE}.Release|Win32.Deploy.0 = Release|Win32
		{A8E6CB3A-0A3A-4871-8DC1-CD1AB39142AE}.Release|x64.ActiveCfg = Release|x64
		{A8E6CB3A-0A3A-4871-8DC1-CD1AB39142AE}.Release|x64.Build.0 = Release|x64
		{A8E6CB3A-0A3A-4871-8DC1-CD1AB39142AE}.Release|x64.Deploy.0 = Release|x64
		{A8E6CB3A-0A3A-4871-8DC1-CD1AB39142AE}.Release|ARM64.ActiveCfg = Release|ARM64
		{A8E6CB3A-0A3A-4871-8DC1-CD1AB39142AE}.Release|ARM64.Build.0 = Release|ARM64
		{A8E6CB3A-0A3A-4871-8DC1-CD1AB39142AE}.Release|ARM64.Deploy.0 = Release|ARM64
		{113BCB43-A39E-4828-9FE8-2281B14A22DC}.Debug|Win32.ActiveCfg = Debug|Win32
		{113BCB43-A39E-4828-9FE8-2281B14A22DC}.Debug|Win32.Build.0 = Debug|Win32
		{113BCB43-A39E-4828-9FE8-2281B14A22DC}.Debug|Win32.Deploy.0 = Debug|Win32
		{113BCB43-A39E-4828-9FE8-2281B14A22DC}.Debug|x64.ActiveCfg = Debug|x64
		{113BCB43-A39E-4828-9FE8-2281B14A22DC}.Debug|x64.Build.0 = Debug|x64
		{113BCB43-A39E-4828-9FE8-2281B14A22DC}.Debug|x64.Deploy.0 = Debug|x64
		{113BCB43-A39E-4828-9FE8-2281B14A22DC}.Debug|ARM64.ActiveCfg = Debug|ARM64
		{113BCB43-A39E-4828-9FE8-2281B14A22DC}.Debug|ARM64.Build.0 = Debug|ARM64
		{113BCB43-A39E-4828-9FE8-2281B14A22DC}.Debug|ARM64.Deploy.0 = Debug|ARM64
		{113BCB43-A39E-4828-9FE8-2281B14A22DC}.Release|Win32.ActiveCfg = Release|Win32
		{113BCB43-A39E-4828-9FE8-2281B14A22DC}.Release|Win32.Build.0 = Release|Win32
		{113BCB43-A39E-4828-9FE8-2281B14A22DC}.Release|Win32.Deploy.0 = Release|Win32
		{113BCB43-A39E-4828-9FE8-2281B14A22DC}.Release|x64.ActiveCfg = Release|x64
		{113BCB43-A39E-4828-9FE8-2281B14A22DC}.Release|x64.Build.0 = Release|x64
		{113BCB43-A39E-4828-9FE8-2281B14A22DC}.Release|x64.Deploy.0 = Release|x64
		{113BCB43-A39E-4828-9FE8-2281B14A22DC}.Release|ARM64.ActiveCfg = Release|ARM64
		{113BCB43-A39E-4828-9FE8-2281B14A22DC}.Release|ARM64.Build.0 = Release|ARM64
		{113BCB43-A39E-4828-9FE8-2281B14A22DC}.Release|ARM64.Deploy.0 = Release|ARM64
		{99AF8A61-CEE4-4D50-A7FE-3AFA935B78A4}.Debug|Win32.ActiveCfg = Debug|Win32
		{99AF8A61-CEE4-4D50-A7FE-3AFA935B78A4}.Debug|Win32.Build.0 = Debug|Win32
		{99AF8A61-CEE4-4D50-A7FE-3AFA935B78A4}.Debug|Win32.Deploy.0 = Debug|Win32
		{99AF8A61-CEE4-4D50-A7FE-3AFA935B78A4}.Debug|x64.ActiveCfg = Debug|x64
		{99AF8A61-CEE4-4D50-A7FE-3AFA935B78A4}.Debug|x64.Build.0 = Debug|x64
		{99AF8A61-CEE4-4D50-A7FE-3AFA935B78A4}.Debug|x64.Deploy.0 = Debug|x64
		{99AF8A61-CEE4-4D50-A7FE-3AFA935B78A4}.Debug|ARM64.ActiveCfg = Debug|ARM64
		{99AF8A61-CEE4-4D50-A7FE-3AFA935B78A4}.Debug|ARM64.Build.0 = Debug|ARM64
		{99AF8A61-CEE4-4D50-A7FE-3AFA935B78A4}.Debug|ARM64.Deploy.0 = Debug|ARM64
		{99AF8A61-CEE4-4D50-A7FE-3AFA935B78A4}.Release|Win32.ActiveCfg = Release|Win32
		{99AF8A61-CEE4-4D50-A7FE-3AFA935B78A4}.Release|Win32.Build.0 = Release|Win32
		{99AF8A61-CEE4-4D50-A7FE-3AFA935B78A4}.Release|Win32.Deploy.0 = Release|Win32
		{99AF8A61-CEE4-4D50-A7FE-3AFA935B78A4}.Release|x64.ActiveCfg = Release|x64
		{99AF8A61-CEE4-4D50-A7FE-3AFA935B78A4}.Release|x64.Build.0 = Release|x64
		{99AF8A61-CEE4-4D50-A7FE-3AFA935B78A4}.Release|x64.Deploy.0 = Release|x64
		{99AF8A61-CEE4-4D50-A7FE-3AFA935B78A4}.Release|ARM64.ActiveCfg = Release|ARM64
		{99AF8A61-CEE4-4D50-A7FE-3AFA935B78A4}.Release|ARM64.Build.0 = Release|ARM64
		{99AF8A61-CEE4-4D50-A7FE-3AFA935B78A4}.Release|ARM64.Deploy.0 = Release|ARM64
		{D5BF95FD-2F4F-419E-B691-94A8866AB7E1}.Debug|Win32.ActiveCfg = Debug|Win32
		{D5BF95FD-2F4F-419E-B691-94A8866AB7E1}.Debug|Win32.Build.0 = Debug|Win32
		{D5BF95FD-2F4F-419E-B691-94A8866AB7E1}.Debug|Win32.Deploy.0 = Debug|Win32
		{D5BF95FD-2F4F-419E-B691-94A8866AB7E1}.Debug|x64.ActiveCfg = Debug|x64
		{D5BF95FD-2F4F-419E-B691-94A8866AB7E1}.Debug|x64.Build.0 = Debug|x64
		{D5BF95FD-2F4F-419E-B691-94A8866AB7E1}.Debug|x64.Deploy.0 = Debug|x64
		{D5BF95FD-2F4F-419E-B691-94A8866AB7E1}.Debug|ARM64.ActiveCfg = Debug|ARM64
		{D5BF95FD-2F4F-419E-B691-94A8866AB7E1}.Debug|ARM64.Build.0 = Debug|ARM64
		{D5BF95FD-2F4F-419E-B691-94A8866AB7E1}.Debug|ARM64.Deploy.0 = Debug|ARM64
		{D5BF95FD-2F4F-419E-B691-94A8866AB7E1}.Release|Win32.ActiveCfg = Release|Win32
		{D5BF95FD-2F4F-419E-B691-94A8866AB7E1}.Release|Win32.Build.0 = Release|Win32
		{D5BF95FD-2F4F-419E-B691-94A8866AB7E1}.Release|Win32.Deploy.0 = Release|Win32
		{D5BF95FD-2F4F-419E-B691-94A8866AB7E1}.Release|x64.ActiveCfg = Release|x64
		{D5BF95FD-2F4F-419E-B691-94A8866AB7E1}.Release|x64.Build.0 = Release|x64
		{D5BF95FD-2F4F-419E-B691-94A8866AB7E1}.Release|x64.Deploy.0 = Release|x64
		{D5BF95FD-2F4F-419E-B691-94A8866AB7E1}.Release|ARM64.ActiveCfg = Release|ARM64
		{D5BF95FD-2F4F-419E-B691-94A8866AB7E1}.Release|ARM64.Build.0 = Release|ARM64
		{D5BF95FD-2F4F-419E-B691-94A8866AB7E1}.Release|ARM64.Deploy.0 = Release|ARM64
		{977333A9-0164-4930-9A3D-61AA28C67E1B}.Debug|Win32.ActiveCfg = Debug|Win32
		{977333A9-0164-4930-9A3D-61AA28C67E1B}.Debug|Win32.Build.0 = Debug|Win32
		{977333A9-0164-4930-9A3D-61AA28C67E1B}.Debug|Win32.Deploy.0 = Debug|Win32
		{977333A9-0164-4930-9A3D-61AA28C67E1B}.Debug|x64.ActiveCfg = Debug|x64
		{977333A9-0164-4930-9A3D-61AA28C67E1B}.Debug|x64.Build.0 = Debug|x64
		{977333A9-0164-4930-9A3D-61AA28C67E1B}.Debug|x64.Deploy.0 = Debug|x64
		{977333A9-0164-4930-9A3D-61AA28C67E1B}.Debug|ARM64.ActiveCfg = Debug|ARM64
		{977333A9-0164-4930-9A3D-61AA28C67E1B}.Debug|ARM64.Build.0 = Debug|ARM64
		{977333A9-0164-4930-9A3D-61AA28C67E1B}.Debug|ARM64.Deploy.0 = Debug|ARM64
		{977333A9-0164-4930-9A3D-61AA28C67E1B}.Release|Win32.ActiveCfg = Release|Win32
		{977333A9-0164-4930-9A3D-61AA28C67E1B}.Release|Win32.Build.0 = Release|Win32
		{977333A9-0164-4930-9A3D-61AA28C67E1B}.Release|Win32.Deploy.0 = Release|Win32
		{977333A9-0164-4930-9A3D-61AA28C67E1B}.Release|x64.ActiveCfg = Release|x64
		{977333A9-0164-4930-9A3D-61AA28C67E1B}.Release|x64.Build.0 = Release|x64
		{977333A9-0164-4930-9A3D-61AA28C67E1B}.Release|x64.Deploy.0 = Release|x64
		{977333A9-0164-4930-9A3D-61AA28C67E1B}.Release|ARM64.ActiveCfg = Release|ARM64
		{977333A9-0164-4930-9A3D-61AA28C67E1B}.Release|ARM64.Build.0 = Release|ARM64
		{977333A9-0164-4930-9A3D-61AA28C67E1B}.Release|ARM64.Deploy.0 = Release|ARM64
		{C053AAA3-D969-4010-BBC4-221B739D1176}.Debug|Win32.ActiveCfg = Debug|Win32
		{C053AAA3-D969-4010-BBC4-221B739D1176}.Debug|Win32.Build.0 = Debug|Win32
		{C053AAA3-D969-4010-BBC4-221B739D1176}.Debug|Win32.Deploy.0 = Debug|Win32
		{C053AAA3-D969-4010-BBC4-221B739D1176}.Debug|x64.ActiveCfg = Debug|x64
		{C053AAA3-D969-4010-BBC4-221B739D1176}.Debug|x64.Build.0 = Debug|x64
		{C053AAA3-D969-4010-BBC4-221B739D1176}.Debug|x64.Deploy.0 = Debug|x64
		{C053AAA3-D969-4010-BBC4-221B739D1176}.Debug|ARM64.ActiveCfg = Debug|ARM64
		{C053AAA3-D969-4010-BBC4-221B739D1176}.Debug|ARM64.Build.0 = Debug|ARM64
		{C053AAA3-D969-4010-BBC4-221B739D1176}.Debug|ARM64.Deploy.0 = Debug|ARM64
		{C053AAA3-D969-4010-BBC4-221B739D1176}.Release|Win32.ActiveCfg = Release|Win32
		{C053AAA3-D969-4010-BBC4-221B739D1176}.Release|Win32.Build.0 = Release|Win32
		{C053AAA3-D969-4010-BBC4-221B739D1176}.Release|Win32.Deploy.0 = Release|Win32
		{C053AAA3-D969-4010-BBC4-221B739D1176}.Release|x64.ActiveCfg = Release|x64
		{C053AAA3-D969-4010-BBC4-221B739D1176}.Release|x64.Build.0 = Release|x64
		{C053AAA3-D969-4010-BBC4-221B739D1176}.Release|x64.Deploy.0 = Release|x64
		{C053AAA3-D969-4010-BBC4-221B739D1176}.Release|ARM64.ActiveCfg = Release|ARM64
		{C053AAA3-D969-4010-BBC4-221B739D1176}.Release|ARM64.Build.0 = Release|ARM64
		{C053AAA3-D969-4010-BBC4-221B739D1176}.Release|ARM64.Deploy.0 = Release|ARM64
		{2B5EB0CF-653A-40F7-B669-54FAAFD3961B}.Debug|Win32.ActiveCfg = Debug|Win32
		{2B5EB0CF-653A-40F7-B669-54FAAFD3961B}.Debug|Win32.Build.0 = Debug|Win32
		{2B5EB0CF-653A-40F7-B669-54FAAFD3961B}.Debug|Win32.Deploy.0 = Debug|Win32
		{2B5EB0CF-653A-40F7-B669-54FAAFD3961B}.Debug|x64.ActiveCfg = Debug|x64
		{2B5EB0CF-653A-40F7-B669-54FAAFD3961B}.Debug|x64.Build.0 = Debug|x64
		{2B5EB0CF-653A-40F7-B669-54FAAFD3961B}.Debug|x64.Deploy.0 = Debug|x64
		{2B5EB0CF-653A-40F7-B669-54FAAFD3961B}.Debug|ARM64.ActiveCfg = Debug|ARM64
		{2B5EB0CF-653A-40F7-B669-54FAAFD3961B}.Debug|ARM64.Build.0 = Debug|ARM64
		{2B5EB0CF-653A-40F7-B669-54FAAFD3961B}.Debug|ARM64.Deploy.0 = Debug|ARM64
		{2B5EB0CF-653A-40F7-B669-54FAAFD3961B}.Release|Win32.ActiveCfg = Release|Win32
		{2B5EB0CF-653A-40F7-B669-54FAAFD3961B}.Release|Win32.Build.0 = Release|Win32
		{2B5EB0CF-653A-40F7-B669-54FAAFD3961B}.Release|Win32.Deploy.0 = Release|Win32
		{2B5EB0CF-653A-40F7-B669-54FAAFD3961B}.Release|x64.ActiveCfg = Release|x64
		{2B5EB0CF-653A-40F7-B669-54FAAFD3961B}.Release|x64.Build.0 = Release|x64
		{2B5EB0CF-653A-40F7-B669-54FAAFD3961B}.Release|x64.Deploy.0 = Release|x64
		{2B5EB0CF-653A-40F7-B669-54FAAFD3961B}.Release|ARM64.ActiveCfg = Release|ARM64
		{2B5EB0CF-653A-40F7-B669-54FAAFD3961B}.Release|ARM64.Build.0 = Release|ARM64
		{2B5EB0CF-653A-40F7-B669-54FAAFD3961B}.Release|ARM64.Deploy.0 = Release|ARM64
		{88B571A1-0C68-428F-AD55-746D70C26588}.Debug|Win32.ActiveCfg = Debug|Win32
		{88B571A1-0C68-428F-AD55-746D70C26588}.Debug|Win32.Build.0 = Debug|Win32
		{88B571A1-0C68-428F-AD55-746D70C26588}.Debug|Win32.Deploy.0 = Debug|Win32
		{88B571A1-0C68-428F-AD55-746D70C26588}.Debug|x64.ActiveCfg = Debug|x64
		{88B571A1-0C68-428F-AD55-746D70C26588}.Debug|x64.Build.0 = Debug|x64
		{88B571A1-0C68-428F-AD55-746D70C26588}.Debug|x64.Deploy.0 = Debug|x64
		{88B571A1-0C68-428F-AD55-746D70C26588}.Debug|ARM64.ActiveCfg = Debug|ARM64
		{88B571A1-0C68-428F-AD55-746D70C26588}.Debug|ARM64.Build.0 = Debug|ARM64
		{88B571A1-0C68-428F-AD55-746D70C26588}.Debug|ARM64.Deploy.0 = Debug|ARM64
		{88B571A1-0C68-428F-AD55-746D70C26588}.Release|Win32.ActiveCfg = Release|Win32
		{88B571A1-0C68-428F-AD55-746D70C26588}.Release|Win32.Build.0 = Release|Win32
		{88B571A1-0C68-428F-AD55-746D70C26588}.Release|Win32.Deploy.0 = Release|Win32
		{88B571A1-0C68-428F-AD55-746D70C26588}.Release|x64.ActiveCfg = Release|x64
		{88B571A1-0C68-428F-AD55-746D70C26588}.Release|x64.Build.0 = Release|x64
		{88B571A1-0C68-428F-AD55-746D70C26588}.Release|x64.Deploy.0 = Release|x64
		{88B571A1-0C68-428F-AD55-746D70C26588}.Release|ARM64.ActiveCfg = Release|ARM64
		{88B571A1-0C68-428F-AD55-746D70C26588}.Release|ARM64.Build.0 = Release|ARM64
		{88B571A1-0C68-428F-AD55-746D70C26588}.Release|ARM64.Deploy.0 = Release|ARM64
		{23E482DB-8431-4230-BBCE-AF6AA87C2CFA}.Debug|Win32.ActiveCfg = Debug|Win32
		{23E482DB-8431-4230-BBCE-AF6AA87C2CFA}.Debug|Win32.Build.0 = Debug|Win32
		{23E482DB-8431-4230-BBCE-AF6AA87C2CFA}.Debug|Win32.Deploy.0 = Debug|Win32
		{23E482DB-8431-4230-BBCE-AF6AA87C2CFA}.Debug|x64.ActiveCfg = Debug|x64
		{23E482DB-8431-4230-BBCE-AF6AA87C2CFA}.Debug|x64.Build.0 = Debug|x64
		{23E482DB-8431-4230-BBCE-AF6AA87C2CFA}.Debug|x64.Deploy.0 = Debug|x64
		{23E482DB-8431-4230-BBCE-AF6AA87C2CFA}.Debug|ARM64.ActiveCfg = Debug|ARM64
		{23E482DB-8431-4230-BBCE-AF6AA87C2CFA}.Debug|ARM64.Build.0 = Debug|ARM64
		{23E482DB-8431-4230-BBCE-AF6AA87C2CFA}.Debug|ARM64.Deploy.0 = Debug|ARM64
		{23E482DB-8431-4230-BBCE-AF6AA87C2CFA}.Release|Win32.ActiveCfg = Release|Win32
		{23E482DB-8431-4230-BBCE-AF6AA87C2CFA}.Release|Win32.Build.0 = Release|Win32
		{23E482DB-8431-4230-BBCE-AF6AA87C2CFA}.Release|Win32.Deploy.0 = Release|Win32
		{23E482DB-8431-4230-BBCE-AF6AA87C2CFA}.Release|x64.ActiveCfg = Release|x64
		{23E482DB-8431-4230-BBCE-AF6AA87C2CFA}.Release|x64.Build.0 = Release|x64
		{23E482DB-8431-4230-BBCE-AF6AA87C2CFA}.Release|x64.Deploy.0 = Release|x64
		{23E482DB-8431-4230-BBCE-AF6AA87C2CFA}.Release|ARM64.ActiveCfg = Release|ARM64
		{23E482DB-8431-4230-BBCE-AF6AA87C2CFA}.Release|ARM64.Build.0 = Release|ARM64
		{23E482DB-8431-4230-BBCE-AF6AA87C2CFA}.Release|ARM64.Deploy.0 = Release|ARM64
		{F35654D1-461E-42CE-9C43-EA68A29A7627}.Debug|Win32.ActiveCfg = Debug|Win32
		{F35654D1-461E-42CE-9C43-EA68A29A7627}.Debug|Win32.Build.0 = Debug|Win32
		{F35654D1-461E-42CE-9C43-EA68A29A7627}.Debug|Win32.Deploy.0 = Debug|Win32
		{F35654D1-461E-42CE-9C43-EA68A29A7627}.Debug|x64.ActiveCfg = Debug|x64
		{F35654D1-461E-42CE-9C43-EA68A29A7627}.Debug|x64.Build.0 = Debug|x64
		{F35654D1-461E-42CE-9C43-EA68A29A7627}.Debug|x64.Deploy.0 = Debug|x64
		{F35654D1-461E-42CE-9C43-EA68A29A7627}.Debug|ARM64.ActiveCfg = Debug|ARM64
		{F35654D1-461E-42CE-9C43-EA68A29A7627}.Debug|ARM64.Build.0 = Debug|ARM64
		{F35654D1-461E-42CE-9C43-EA68A29A7627}.Debug|ARM64.Deploy.0 = Debug|ARM64
		{F35654D1-461E-42CE-9C43-EA68A29A7627}.Release|Win32.ActiveCfg = Release|Win32
		{F35654D1-461E-42CE-9C43-EA68A29A7627}.Release|Win32.Build.0 = Release|Win32
		{F35654D1-461E-42CE-9C43-EA68A29A7627}.Release|Win32.Deploy.0 = Release|Win32
		{F35654D1-461E-42CE-9C43-EA68A29A7627}.Release|x64.ActiveCfg = Release|x64
		{F35654D1-461E-42CE-9C43-EA68A29A7627}.Release|x64.Build.0 = Release|x64
		{F35654D1-461E-42CE-9C43-EA68A29A7627}.Release|x64.Deploy.0 = Release|x64
		{F35654D1-461E-42CE-9C43-EA68A29A7627}.Release|ARM64.ActiveCfg = Release|ARM64
		{F35654D1-461E-42CE-9C43-EA68A29A7627}.Release|ARM64.Build.0 = Release|ARM64
		{F35654D1-461E-42CE-9C43-EA68A29A7627}.Release|ARM64.Deploy.0 = Release|ARM64
		{13664D40-AB89-4BCC-8B32-A87BD7F36569}.Debug|Win32.ActiveCfg = Debug|Win32
		{13664D40-AB89-4BCC-8B32-A87BD7F36569}.Debug|Win32.Build.0 = Debug|Win32
		{13664D40-AB89-4BCC-8B32-A87BD7F36569}.Debug|Win32.Deploy.0 = Debug|Win32
		{13664D40-AB89-4BCC-8B32-A87BD7F36569}.Debug|x64.ActiveCfg = Debug|x64
		{13664D40-AB89-4BCC-8B32-A87BD7F36569}.Debug|x64.Build.0 = Debug|x64
		{13664D40-AB89-4BCC-8B32-A87BD7F36569}.Debug|x64.Deploy.0 = Debug|x64
		{13664D40-AB89-4BCC-8B32-A87BD7F36569}.Debug|ARM64.ActiveCfg = Debug|ARM64
		{13664D40-AB89-4BCC-8B32-A87BD7F36569}.Debug|ARM64.Build.0 = Debug|ARM64
		{13664D40-AB89-4BCC-8B32-A87BD7F36569}.Debug|ARM64.Deploy.0 = Debug|ARM64
		{13664D40-AB89-4BCC-8B32-A87BD7F36569}.Release|Win32.ActiveCfg = Release|Win32
		{13664D40-AB89-4BCC-8B32-A87BD7F36569}.Release|Win32.Build.0 = Release|Win32
		{13664D40-AB89-4BCC-8B32-A87BD7F36569}.Release|Win32.Deploy.0 = Release|Win32
		{13664D40-AB89-4BCC-8B32-A87BD7F36569}.Release|x64.ActiveCfg = Release|x64
		{13664D40-AB89-4BCC-8B32-A87BD7F36569}.Release|x64.Build.0 = Release|x64
		{13664D40-AB89-4BCC-8B32-A87BD7F36569}.Release|x64.Deploy.0 = Release|x64
		{13664D40-AB89-4BCC-8B32-A87BD7F36569}.Release|ARM64.ActiveCfg = Release|ARM64
		{13664D40-AB89-4BCC-8B32-A87BD7F36569}.Release|ARM64.Build.0 = Release|ARM64
		{13664D40-AB89-4BCC-8B32-A87BD7F36569}.Release|ARM64.Deploy.0 = Release|ARM64
		{885E2765-3906-4B0B-9F91-94BE01D9B115}.Debug|Win32.ActiveCfg = Debug|Win32
		{885E2765-3906-4B0B-9F91-94BE01D9B115}.Debug|Win32.Build.0 = Debug|Win32
		{885E2765-3906-4B0B-9F91-94BE01D9B115}.Debug|Win32.Deploy.0 = Debug|Win32
		{885E2765-3906-4B0B-9F91-94BE01D9B115}.Debug|x64.ActiveCfg = Debug|x64
		{885E2765-3906-4B0B-9F91-94BE01D9B115}.Debug|x64.Build.0 = Debug|x64
		{885E2765-3906-4B0B-9F91-94BE01D9B115}.Debug|x64.Deploy.0 = Debug|x64
		{885E2765-3906-4B0B-9F91-94BE01D9B115}.Debug|ARM64.ActiveCfg = Debug|ARM64
		{885E2765-3906-4B0B-9F91-94BE01D9B115}.Debug|ARM64.Build.0 = Debug|ARM64
		{885E2765-3906-4B0B-9F91-94BE01D9B115}.Debug|ARM64.Deploy.0 = Debug|ARM64
		{885E2765-3906-4B0B-9F91-94BE01D9B115}.Release|Win32.ActiveCfg = Release|Win32
		{885E2765-3906-4B0B-9F91-94BE01D9B115}.Release|Win32.Build.0 = Release|Win32
		{885E2765-3906-4B0B-9F91-94BE01D9B115}.Release|Win32.Deploy.0 = Release|Win32
		{885E2765-3906-4B0B-9F91-94BE01D9B115}.Release|x64.ActiveCfg = Release|x64
		{885E2765-3906-4B0B-9F91-94BE01D9B115}.Release|x64.Build.0 = Release|x64
		{885E2765-3906-4B0B-9F91-94BE01D9B115}.Release|x64.Deploy.0 = Release|x64
		{885E2765-3906-4B0B-9F91-94BE01D9B115}.Release|ARM64.ActiveCfg = Release|ARM64
		{885E2765-3906-4B0B-9F91-94BE01D9B115}.Release|ARM64.Build.0 = Release|ARM64
		{885E2765-3906-4B0B-9F91-94BE01D9B115}.Release|ARM64.Deploy.0 = Release|ARM64
		{B02B7271-8063-4325-88B9-C4346452806D}.Debug|Win32.ActiveCfg = Debug|Win32
		{B02B7271-8063-4325-88B9-C4346452806D}.Debug|Win32.Build.0 = Debug|Win32
		{B02B7271-8063-4325-88B9-C4346452806D}.Debug|Win32.Deploy.0 = Debug|Win32
		{B02B7271-8063-4325-88B9-C4346452806D}.Debug|x64.ActiveCfg = Debug|x64
		{B02B7271-8063-4325-88B9-C4346452806D}.Debug|x64.Build.0 = Debug|x64
		{B02B7271-8063-4325-88B9-C4346452806D}.Debug|x64.Deploy.0 = Debug|x64
		{B02B7271-8063-4325-88B9-C4346452806D}.Debug|ARM64.ActiveCfg = Debug|ARM64
		{B02B7271-8063-4325-88B9-C4346452806D}.Debug|ARM64.Build.0 = Debug|ARM64
		{B02B7271-8063-4325-88B9-C4346452806D}.Debug|ARM64.Deploy.0 = Debug|ARM64
		{B02B7271-8063-4325-88B9-C4346452806D}.Release|Win32.ActiveCfg = Release|Win32
		{B02B7271-8063-4325-88B9-C4346452806D}.Release|Win32.Build.0 = Release|Win32
		{B02B7271-8063-4325-88B9-C4346452806D}.Release|Win32.Deploy.0 = Release|Win32
		{B02B7271-8063-4325-88B9-C4346452806D}.Release|x64.ActiveCfg = Release|x64
		{B02B7271-8063-4325-88B9-C4346452806D}.Release|x64.Build.0 = Release|x64
		{B02B7271-8063-4325-88B9-C4346452806D}.Release|x64.Deploy.0 = Release|x64
		{B02B7271-8063-4325-88B9-C4346452806D}.Release|ARM64.ActiveCfg = Release|ARM64
		{B02B7271-8063-4325-88B9-C4346452806D}.Release|ARM64.Build.0 = Release|ARM64
		{B02B7271-8063-4325-88B9-C4346452806D}.Release|ARM64.Deploy.0 = Release|ARM64
		{EFDCB703-DA71-4ED1-9B92-9E9A414EF016}.Debug|Win32.ActiveCfg = Debug|Win32
		{EFDCB703-DA71-4ED1-9B92-9E9A414EF016}.Debug|Win32.Build.0 = Debug|Win32
		{EFDCB703-DA71-4ED1-9B92-9E9A414EF016}.Debug|Win32.Deploy.0 = Debug|Win32
		{EFDCB703-DA71-4ED1-9B92-9E9A414EF016}.Debug|x64.ActiveCfg = Debug|x64
		{EFDCB703-DA71-4ED1-9B92-9E9A414EF016}.Debug|x64.Build.0 = Debug|x64
		{EFDCB703-DA71-4ED1-9B92-9E9A414EF016}.Debug|x64.Deploy.0 = Debug|x64
		{EFDCB703-DA71-4ED1-9B92-9E9A414EF016}.Debug|ARM64.ActiveCfg = Debug|ARM64
		{EFDCB703-DA71-4ED1-9B92-9E9A414EF016}.Debug|ARM64.Build.0 = Debug|ARM64
		{EFDCB703-DA71-4ED1-9B92-9E9A414EF016}.Debug|ARM64.Deploy.0 = Debug|ARM64
		{EFDCB703-DA71-4ED1-9B92-9E9A414EF016}.Release|Win32.ActiveCfg = Release|Win32
		{EFDCB703-DA71-4ED1-9B92-9E9A414EF016}.Release|Win32.Build.0 = Release|Win32
		{EFDCB703-DA71-4ED1-9B92-9E9A414EF016}.Release|Win32.Deploy.0 = Release|Win32
		{EFDCB703-DA71-4ED1-9B92-9E9A414EF016}.Release|x64.ActiveCfg = Release|x64
		{EFDCB703-DA71-4ED1-9B92-9E9A414EF016}.Release|x64.Build.0 = Release|x64
		{EFDCB703-DA71-4ED1-9B92-9E9A414EF016}.Release|x64.Deploy.0 = Release|x64
		{EFDCB703-DA71-4ED1-9B92-9E9A414EF016}.Release|ARM64.ActiveCfg = Release|ARM64
		{EFDCB703-DA71-4ED1-9B92-9E9A414EF016}.Release|ARM64.Build.0 = Release|ARM64
		{EFDCB703-DA71-4ED1-9B92-9E9A414EF016}.Release|ARM64.Deploy.0 = Release|ARM64
		{4E3CE5C4-2D68-4119-A418-A639C0FBBC3B}.Debug|Win32.ActiveCfg = Debug|Win32
		{4E3CE5C4-2D68-4119-A418-A639C0FBBC3B}.Debug|Win32.Build.0 = Debug|Win32
		{4E3CE5C4-2D68-4119-A418-A639C0FBBC3B}.Debug|Win32.Deploy.0 = Debug|Win32
		{4E3CE5C4-2D68-4119-A418-A639C0FBBC3B}.Debug|x64.ActiveCfg = Debug|x64
		{4E3CE5C4-2D68-4119-A418-A639C0FBBC3B}.Debug|x64.Build.0 = Debug|x64
		{4E3CE5C4-2D68-4119-A418-A639C0FBBC3B}.Debug|x64.Deploy.0 = Debug|x64
		{4E3CE5C4-2D68-4119-A418-A639C0FBBC3B}.Debug|ARM64.ActiveCfg = Debug|ARM64
		{4E3CE5C4-2D68-4119-A418-A639C0FBBC3B}.Debug|ARM64.Build.0 = Debug|ARM64
		{4E3CE5C4-2D68-4119-A418-A639C0FBBC3B}.Debug|ARM64.Deploy.0 = Debug|ARM64
		{4E3CE5C4-2D68-4119-A418-A639C0FBBC3B}.Release|Win32.ActiveCfg = Release|Win32
		{4E3CE5C4-2D68-4119-A418-A639C0FBBC3B}.Release|Win32.Build.0 = Release|Win32
		{4E3CE5C4-2D68-4119-A418-A639C0FBBC3B}.Release|Win32.Deploy.0 = Release|Win32
		{4E3CE5C4-2D68-4119-A418-A639C0FBBC3B}.Release|x64.ActiveCfg = Release|x64
		{4E3CE5C4-2D68-4119-A418-A639C0FBBC3B}.Release|x64.Build.0 = Release|x64
		{4E3CE5C4-2D68-4119-A418-A639C0FBBC3B}.Release|x64.Deploy.0 = Release|x64
		{4E3CE5C4-2D68-4119-A418-A639C0FBBC3B}.Release|ARM64.ActiveCfg = Release|ARM64
		{4E3CE5C4-2D68-4119-A418-A639C0FBBC3B}.Release|ARM64.Build.0 = Release|ARM64
		{4E3CE5C4-2D68-4119-A418-A639C0FBBC3B}.Release|ARM64.Deploy.0 = Release|ARM64
		{758082EC-F366-4AE4-848F-F72B500084C0}.Debug|Win32.ActiveCfg = Debug|Win32
		{758082EC-F366-4AE4-848F-F72B500084C0}.Debug|Win32.Build.0 = Debug|Win32
		{758082EC-F366-4AE4-848F-F72B500084C0}.Debug|Win32.Deploy.0 = Debug|Win32
		{758082EC-F366-4AE4-848F-F72B500084C0}.Debug|x64.ActiveCfg = Debug|x64
		{758082EC-F366-4AE4-848F-F72B500084C0}.Debug|x64.Build.0 = Debug|x64
		{758082EC-F366-4AE4-848F-F72B500084C0}.Debug|x64.Deploy.0 = Debug|x64
		{758082EC-F366-4AE4-848F-F72B500084C0}.Debug|ARM64.ActiveCfg = Debug|ARM64
		{758082EC-F366-4AE4-848F-F72B500084C0}.Debug|ARM64.Build.0 = Debug|ARM64
		{758082EC-F366-4AE4-848F-F72B500084C0}.Debug|ARM64.Deploy.0 = Debug|ARM64
		{758082EC-F366-4AE4-848F-F72B500084C0}.Release|Win32.ActiveCfg = Release|Win32
		{758082EC-F366-4AE4-848F-F72B500084C0}.Release|Win32.Build.0 = Release|Win32
		{758082EC-F366-4AE4-848F-F72B500084C0}.Release|Win32.Deploy.0 = Release|Win32
		{758082EC-F366-4AE4-848F-F72B500084C0}.Release|x64.ActiveCfg = Release|x64
		{758082EC-F366-4AE4-848F-F72B500084C0}.Release|x64.Build.0 = Release|x64
		{758082EC-F366-4AE4-848F-F72B500084C0}.Release|x64.Deploy.0 = Release|x64
		{758082EC-F366-4AE4-848F-F72B500084C0}.Release|ARM64.ActiveCfg = Release|ARM64
		{758082EC-F366-4AE4-848F-F72B500084C0}.Release|ARM64.Build.0 = Release|ARM64
		{758082EC-F366-4AE4-848F-F72B500084C0}.Release|ARM64.Deploy.0 = Release|ARM64
		{42F5AA48-BC1F-425C-9E1F-30D68165906A}.Debug|Win32.ActiveCfg = Debug|Win32
		{42F5AA48-BC1F-425C-9E1F-30D68165906A}.Debug|Win32.Build.0 = Debug|Win32
		{42F5AA48-BC1F-425C-9E1F-30D68165906A}.Debug|Win32.Deploy.0 = Debug|Win32
		{42F5AA48-BC1F-425C-9E1F-30D68165906A}.Debug|x64.ActiveCfg = Debug|x64
		{42F5AA48-BC1F-425C-9E1F-30D68165906A}.Debug|x64.Build.0 = Debug|x64
		{42F5AA48-BC1F-425C-9E1F-30D68165906A}.Debug|x64.Deploy.0 = Debug|x64
		{42F5AA48-BC1F-425C-9E1F-30D68165906A}.Debug|ARM64.ActiveCfg = Debug|ARM64
		{42F5AA48-BC1F-425C-9E1F-30D68165906A}.Debug|ARM64.Build.0 = Debug|ARM64
		{42F5AA48-BC1F-425C-9E1F-30D68165906A}.Debug|ARM64.Deploy.0 = Debug|ARM64
		{42F5AA48-BC1F-425C-9E1F-30D68165906A}.Release|Win32.ActiveCfg = Release|Win32
		{42F5AA48-BC1F-425C-9E1F-30D68165906A}.Release|Win32.Build.0 = Release|Win32
		{42F5AA48-BC1F-425C-9E1F-30D68165906A}.Release|Win32.Deploy.0 = Release|Win32
		{42F5AA48-BC1F-425C-9E1F-30D68165906A}.Release|x64.ActiveCfg = Release|x64
		{42F5AA48-BC1F-425C-9E1F-30D68165906A}.Release|x64.Build.0 = Release|x64
		{42F5AA48-BC1F-425C-9E1F-30D68165906A}.Release|x64.Deploy.0 = Release|x64
		{42F5AA48-BC1F-425C-9E1F-30D68165906A}.Release|ARM64.ActiveCfg = Release|ARM64
		{42F5AA48-BC1F-425C-9E1F-30D68165906A}.Release|ARM64.Build.0 = Release|ARM64
		{42F5AA48-BC1F-425C-9E1F-30D68165906A}.Release|ARM64.Deploy.0 = Release|ARM64
		{A0248E08-31CA-49E4-AE38-0262FDC2CD55}.Debug|Win32.ActiveCfg = Debug|Win32
		{A0248E08-31CA-49E4-AE38-0262FDC2CD55}.Debug|Win32.Build.0 = Debug|Win32
		{A0248E08-31CA-49E4-AE38-0262FDC2CD55}.Debug|Win32.Deploy.0 = Debug|Win32
		{A0248E08-31CA-49E4-AE38-0262FDC2CD55}.Debug|x64.ActiveCfg = Debug|x64
		{A0248E08-31CA-49E4-AE38-0262FDC2CD55}.Debug|x64.Build.0 = Debug|x64
		{A0248E08-31CA-49E4-AE38-0262FDC2CD55}.Debug|x64.Deploy.0 = Debug|x64
		{A0248E08-31CA-49E4-AE38-0262FDC2CD55}.Debug|ARM64.ActiveCfg = Debug|ARM64
		{A0248E08-31CA-49E4-AE38-0262FDC2CD55}.Debug|ARM64.Build.0 = Debug|ARM64
		{A0248E08-31CA-49E4-AE38-0262FDC2CD55}.Debug|ARM64.Deploy.0 = Debug|ARM64
		{A0248E08-31CA-49E4-AE38-0262FDC2CD55}.Release|Win32.ActiveCfg = Release|Win32
		{A0248E08-31CA-49E4-AE38-0262FDC2CD55}.Release|Win32.Build.0 = Release|Win32
		{A0248E08-31CA-49E4-AE38-0262FDC2CD55}.Release|Win32.Deploy.0 = Release|Win32
		{A0248E08-31CA-49E4-AE38-0262FDC2CD55}.Release|x64.ActiveCfg = Release|x64
		{A0248E08-31CA-49E4-AE38-0262FDC2CD55}.Release|x64.Build.0 = Release|x64
		{A0248E08-31CA-49E4-AE38-0262FDC2CD55}.Release|x64.Deploy.0 = Release|x64
		{A0248E08-31CA-49E4-AE38-0262FDC2CD55}.Release|ARM64.ActiveCfg = Release|ARM64
		{A0248E08-31CA-49E4-AE38-0262FDC2CD55}.Release|ARM64.Build.0 = Release|ARM64
		{A0248E08-31CA-49E4-AE38-0262FDC2CD55}.Release|ARM64.Deploy.0 = Release|ARM64
	EndGlobalSection
	GlobalSection(SolutionProperties) = preSolution
		HideSolutionNode = FALSE
	EndGlobalSection
EndGlobal
