
Microsoft Visual Studio Solution File, Format Version 11.00
# Visual Studio 15
Project("{8BC9CEB8-8B4A-11D0-8D11-00A0C91BC942}") = "3d", "3d.vcxproj", "{4B3D0DED-31C3-4630-A943-076235A32E12}"
EndProject
Project("{8BC9CEB8-8B4A-11D0-8D11-00A0C91BC942}") = "asyncio", "asyncio.vcxproj", "{DB9C0973-B79F-449B-A0C8-B63865475B30}"
EndProject
Project("{8BC9CEB8-8B4A-11D0-8D11-00A0C91BC942}") = "channel_groups", "channel_groups.vcxproj", "{136C79C1-EB25-44C3-A85E-8D056B517BA7}"
EndProject
Project("{8BC9CEB8-8B4A-11D0-8D11-00A0C91BC942}") = "convolution_reverb", "convolution_reverb.vcxproj", "{C5B1349B-4EA0-430D-809A-BFB04BF5BAB7}"
EndProject
Project("{8BC9CEB8-8B4A-11D0-8D11-00A0C91BC942}") = "dsp_custom", "dsp_custom.vcxproj", "{076A3924-0C7B-489B-AB40-3CEC1AE2F5FD}"
EndProject
Project("{8BC9CEB8-8B4A-11D0-8D11-00A0C91BC942}") = "dsp_effect_per_speaker", "dsp_effect_per_speaker.vcxproj", "{C65DA1D9-37AE-4724-8676-0C859B067EDC}"
EndProject
Project("{8BC9CEB8-8B4A-11D0-8D11-00A0C91BC942}") = "dsp_inspector", "dsp_inspector.vcxproj", "{5C6CD6A6-8A5E-49FE-9149-E2E898E62504}"
EndProject
Project("{8BC9CEB8-8B4A-11D0-8D11-00A0C91BC942}") = "effects", "effects.vcxproj", "{2928FD93-A822-48E2-85BD-BEAE68B216C9}"
EndProject
Project("{8BC9CEB8-8B4A-11D0-8D11-00A0C91BC942}") = "gapless_playback", "gapless_playback.vcxproj", "{7F52CDBB-FCC1-4778-BCE2-99E3E51C855B}"
EndProject
Project("{8BC9CEB8-8B4A-11D0-8D11-00A0C91BC942}") = "generate_tone", "generate_tone.vcxproj", "{6CFB4E46-31D4-4ACA-B28E-E774D2638432}"
EndProject
Project("{8BC9CEB8-8B4A-11D0-8D11-00A0C91BC942}") = "granular_synth", "granular_synth.vcxproj", "{28F55EF9-EC88-4E85-8111-CC03E376D5CF}"
EndProject
Project("{8BC9CEB8-8B4A-11D0-8D11-00A0C91BC942}") = "load_from_memory", "load_from_memory.vcxproj", "{0D55F93C-3E53-4A0E-981F-B69CB1B1CCBE}"
EndProject
Project("{8BC9CEB8-8B4A-11D0-8D11-00A0C91BC942}") = "multiple_speaker", "multiple_speaker.vcxproj", "{E71046D1-E0AC-4CAD-995A-82C033C29151}"
EndProject
Project("{8BC9CEB8-8B4A-11D0-8D11-00A0C91BC942}") = "multiple_system", "multiple_system.vcxproj", "{8D9D3D07-E464-4C65-A29A-CB1890E94243}"
EndProject
Project("{8BC9CEB8-8B4A-11D0-8D11-00A0C91BC942}") = "net_stream", "net_stream.vcxproj", "{035E584B-0E95-444B-95C1-CB393ADE7F70}"
EndProject
Project("{8BC9CEB8-8B4A-11D0-8D11-00A0C91BC942}") = "play_sound", "play_sound.vcxproj", "{CEA9F8AA-7FFE-4EEE-AE65-0284EA2B2D0D}"
EndProject
Project("{8BC9CEB8-8B4A-11D0-8D11-00A0C91BC942}") = "play_stream", "play_stream.vcxproj", "{A75BE266-7480-453B-8A63-47380688FE99}"
EndProject
Project("{8BC9CEB8-8B4A-11D0-8D11-00A0C91BC942}") = "record", "record.vcxproj", "{8AF46262-B849-48CD-A92A-E01C83C91F3E}"
EndProject
Project("{8BC9CEB8-8B4A-11D0-8D11-00A0C91BC942}") = "record_enumeration", "record_enumeration.vcxproj", "{C65569E4-174A-405F-BFB2-54ED297D666A}"
EndProject
Project("{8BC9CEB8-8B4A-11D0-8D11-00A0C91BC942}") = "user_created_sound", "user_created_sound.vcxproj", "{B2EDDCF0-90C1-4727-A9BF-9ADD4B3D4798}"
EndProject
Project("{8BC9CEB8-8B4A-11D0-8D11-00A0C91BC942}") = "fmod_codec_raw", "fmod_codec_raw.vcxproj", "{1B9A20CF-7E89-4C0D-9BE8-40D8739FAFDB}"
EndProject
Project("{8BC9CEB8-8B4A-11D0-8D11-00A0C91BC942}") = "fmod_distance_filter", "fmod_distance_filter.vcxproj", "{348EFDD5-8845-4F00-85CF-B013B79B07E6}"
EndProject
Project("{8BC9CEB8-8B4A-11D0-8D11-00A0C91BC942}") = "fmod_gain", "fmod_gain.vcxproj", "{11C54D55-0483-4076-B185-727230317075}"
EndProject
Project("{8BC9CEB8-8B4A-11D0-8D11-00A0C91BC942}") = "fmod_noise", "fmod_noise.vcxproj", "{37D66873-079A-48E6-B6C5-010FB117E576}"
EndProject
Project("{8BC9CEB8-8B4A-11D0-8D11-00A0C91BC942}") = "fmod_rnbo", "fmod_rnbo.vcxproj", "{C51EE309-C2D1-4D51-A394-1295D2357DCF}"
EndProject
Project("{8BC9CEB8-8B4A-11D0-8D11-00A0C91BC942}") = "output_mp3", "output_mp3.vcxproj", "{43DBAE7C-60D9-4DDF-B704-745A40B678E8}"
EndProject
Global
	GlobalSection(SolutionConfigurationPlatforms) = preSolution
		Debug|Win32 = Debug|Win32
		Debug|x64 = Debug|x64
		Debug|ARM64 = Debug|ARM64
		Release|Win32 = Release|Win32
		Release|x64 = Release|x64
		Release|ARM64 = Release|ARM64
	EndGlobalSection
	GlobalSection(ProjectConfigurationPlatforms) = postSolution
		{4B3D0DED-31C3-4630-A943-076235A32E12}.Debug|Win32.ActiveCfg = Debug|Win32
		{4B3D0DED-31C3-4630-A943-076235A32E12}.Debug|Win32.Build.0 = Debug|Win32
		{4B3D0DED-31C3-4630-A943-076235A32E12}.Debug|Win32.Deploy.0 = Debug|Win32
		{4B3D0DED-31C3-4630-A943-076235A32E12}.Debug|x64.ActiveCfg = Debug|x64
		{4B3D0DED-31C3-4630-A943-076235A32E12}.Debug|x64.Build.0 = Debug|x64
		{4B3D0DED-31C3-4630-A943-076235A32E12}.Debug|x64.Deploy.0 = Debug|x64
		{4B3D0DED-31C3-4630-A943-076235A32E12}.Debug|ARM64.ActiveCfg = Debug|ARM64
		{4B3D0DED-31C3-4630-A943-076235A32E12}.Debug|ARM64.Build.0 = Debug|ARM64
		{4B3D0DED-31C3-4630-A943-076235A32E12}.Debug|ARM64.Deploy.0 = Debug|ARM64
		{4B3D0DED-31C3-4630-A943-076235A32E12}.Release|Win32.ActiveCfg = Release|Win32
		{4B3D0DED-31C3-4630-A943-076235A32E12}.Release|Win32.Build.0 = Release|Win32
		{4B3D0DED-31C3-4630-A943-076235A32E12}.Release|Win32.Deploy.0 = Release|Win32
		{4B3D0DED-31C3-4630-A943-076235A32E12}.Release|x64.ActiveCfg = Release|x64
		{4B3D0DED-31C3-4630-A943-076235A32E12}.Release|x64.Build.0 = Release|x64
		{4B3D0DED-31C3-4630-A943-076235A32E12}.Release|x64.Deploy.0 = Release|x64
		{4B3D0DED-31C3-4630-A943-076235A32E12}.Release|ARM64.ActiveCfg = Release|ARM64
		{4B3D0DED-31C3-4630-A943-076235A32E12}.Release|ARM64.Build.0 = Release|ARM64
		{4B3D0DED-31C3-4630-A943-076235A32E12}.Release|ARM64.Deploy.0 = Release|ARM64
		{DB9C0973-B79F-449B-A0C8-B63865475B30}.Debug|Win32.ActiveCfg = Debug|Win32
		{DB9C0973-B79F-449B-A0C8-B63865475B30}.Debug|Win32.Build.0 = Debug|Win32
		{DB9C0973-B79F-449B-A0C8-B63865475B30}.Debug|Win32.Deploy.0 = Debug|Win32
		{DB9C0973-B79F-449B-A0C8-B63865475B30}.Debug|x64.ActiveCfg = Debug|x64
		{DB9C0973-B79F-449B-A0C8-B63865475B30}.Debug|x64.Build.0 = Debug|x64
		{DB9C0973-B79F-449B-A0C8-B63865475B30}.Debug|x64.Deploy.0 = Debug|x64
		{DB9C0973-B79F-449B-A0C8-B63865475B30}.Debug|ARM64.ActiveCfg = Debug|ARM64
		{DB9C0973-B79F-449B-A0C8-B63865475B30}.Debug|ARM64.Build.0 = Debug|ARM64
		{DB9C0973-B79F-449B-A0C8-B63865475B30}.Debug|ARM64.Deploy.0 = Debug|ARM64
		{DB9C0973-B79F-449B-A0C8-B63865475B30}.Release|Win32.ActiveCfg = Release|Win32
		{DB9C0973-B79F-449B-A0C8-B63865475B30}.Release|Win32.Build.0 = Release|Win32
		{DB9C0973-B79F-449B-A0C8-B63865475B30}.Release|Win32.Deploy.0 = Release|Win32
		{DB9C0973-B79F-449B-A0C8-B63865475B30}.Release|x64.ActiveCfg = Release|x64
		{DB9C0973-B79F-449B-A0C8-B63865475B30}.Release|x64.Build.0 = Release|x64
		{DB9C0973-B79F-449B-A0C8-B63865475B30}.Release|x64.Deploy.0 = Release|x64
		{DB9C0973-B79F-449B-A0C8-B63865475B30}.Release|ARM64.ActiveCfg = Release|ARM64
		{DB9C0973-B79F-449B-A0C8-B63865475B30}.Release|ARM64.Build.0 = Release|ARM64
		{DB9C0973-B79F-449B-A0C8-B63865475B30}.Release|ARM64.Deploy.0 = Release|ARM64
		{136C79C1-EB25-44C3-A85E-8D056B517BA7}.Debug|Win32.ActiveCfg = Debug|Win32
		{136C79C1-EB25-44C3-A85E-8D056B517BA7}.Debug|Win32.Build.0 = Debug|Win32
		{136C79C1-EB25-44C3-A85E-8D056B517BA7}.Debug|Win32.Deploy.0 = Debug|Win32
		{136C79C1-EB25-44C3-A85E-8D056B517BA7}.Debug|x64.ActiveCfg = Debug|x64
		{136C79C1-EB25-44C3-A85E-8D056B517BA7}.Debug|x64.Build.0 = Debug|x64
		{136C79C1-EB25-44C3-A85E-8D056B517BA7}.Debug|x64.Deploy.0 = Debug|x64
		{136C79C1-EB25-44C3-A85E-8D056B517BA7}.Debug|ARM64.ActiveCfg = Debug|ARM64
		{136C79C1-EB25-44C3-A85E-8D056B517BA7}.Debug|ARM64.Build.0 = Debug|ARM64
		{136C79C1-EB25-44C3-A85E-8D056B517BA7}.Debug|ARM64.Deploy.0 = Debug|ARM64
		{136C79C1-EB25-44C3-A85E-8D056B517BA7}.Release|Win32.ActiveCfg = Release|Win32
		{136C79C1-EB25-44C3-A85E-8D056B517BA7}.Release|Win32.Build.0 = Release|Win32
		{136C79C1-EB25-44C3-A85E-8D056B517BA7}.Release|Win32.Deploy.0 = Release|Win32
		{136C79C1-EB25-44C3-A85E-8D056B517BA7}.Release|x64.ActiveCfg = Release|x64
		{136C79C1-EB25-44C3-A85E-8D056B517BA7}.Release|x64.Build.0 = Release|x64
		{136C79C1-EB25-44C3-A85E-8D056B517BA7}.Release|x64.Deploy.0 = Release|x64
		{136C79C1-EB25-44C3-A85E-8D056B517BA7}.Release|ARM64.ActiveCfg = Release|ARM64
		{136C79C1-EB25-44C3-A85E-8D056B517BA7}.Release|ARM64.Build.0 = Release|ARM64
		{136C79C1-EB25-44C3-A85E-8D056B517BA7}.Release|ARM64.Deploy.0 = Release|ARM64
		{C5B1349B-4EA0-430D-809A-BFB04BF5BAB7}.Debug|Win32.ActiveCfg = Debug|Win32
		{C5B1349B-4EA0-430D-809A-BFB04BF5BAB7}.Debug|Win32.Build.0 = Debug|Win32
		{C5B1349B-4EA0-430D-809A-BFB04BF5BAB7}.Debug|Win32.Deploy.0 = Debug|Win32
		{C5B1349B-4EA0-430D-809A-BFB04BF5BAB7}.Debug|x64.ActiveCfg = Debug|x64
		{C5B1349B-4EA0-430D-809A-BFB04BF5BAB7}.Debug|x64.Build.0 = Debug|x64
		{C5B1349B-4EA0-430D-809A-BFB04BF5BAB7}.Debug|x64.Deploy.0 = Debug|x64
		{C5B1349B-4EA0-430D-809A-BFB04BF5BAB7}.Debug|ARM64.ActiveCfg = Debug|ARM64
		{C5B1349B-4EA0-430D-809A-BFB04BF5BAB7}.Debug|ARM64.Build.0 = Debug|ARM64
		{C5B1349B-4EA0-430D-809A-BFB04BF5BAB7}.Debug|ARM64.Deploy.0 = Debug|ARM64
		{C5B1349B-4EA0-430D-809A-BFB04BF5BAB7}.Release|Win32.ActiveCfg = Release|Win32
		{C5B1349B-4EA0-430D-809A-BFB04BF5BAB7}.Release|Win32.Build.0 = Release|Win32
		{C5B1349B-4EA0-430D-809A-BFB04BF5BAB7}.Release|Win32.Deploy.0 = Release|Win32
		{C5B1349B-4EA0-430D-809A-BFB04BF5BAB7}.Release|x64.ActiveCfg = Release|x64
		{C5B1349B-4EA0-430D-809A-BFB04BF5BAB7}.Release|x64.Build.0 = Release|x64
		{C5B1349B-4EA0-430D-809A-BFB04BF5BAB7}.Release|x64.Deploy.0 = Release|x64
		{C5B1349B-4EA0-430D-809A-BFB04BF5BAB7}.Release|ARM64.ActiveCfg = Release|ARM64
		{C5B1349B-4EA0-430D-809A-BFB04BF5BAB7}.Release|ARM64.Build.0 = Release|ARM64
		{C5B1349B-4EA0-430D-809A-BFB04BF5BAB7}.Release|ARM64.Deploy.0 = Release|ARM64
		{076A3924-0C7B-489B-AB40-3CEC1AE2F5FD}.Debug|Win32.ActiveCfg = Debug|Win32
		{076A3924-0C7B-489B-AB40-3CEC1AE2F5FD}.Debug|Win32.Build.0 = Debug|Win32
		{076A3924-0C7B-489B-AB40-3CEC1AE2F5FD}.Debug|Win32.Deploy.0 = Debug|Win32
		{076A3924-0C7B-489B-AB40-3CEC1AE2F5FD}.Debug|x64.ActiveCfg = Debug|x64
		{076A3924-0C7B-489B-AB40-3CEC1AE2F5FD}.Debug|x64.Build.0 = Debug|x64
		{076A3924-0C7B-489B-AB40-3CEC1AE2F5FD}.Debug|x64.Deploy.0 = Debug|x64
		{076A3924-0C7B-489B-AB40-3CEC1AE2F5FD}.Debug|ARM64.ActiveCfg = Debug|ARM64
		{076A3924-0C7B-489B-AB40-3CEC1AE2F5FD}.Debug|ARM64.Build.0 = Debug|ARM64
		{076A3924-0C7B-489B-AB40-3CEC1AE2F5FD}.Debug|ARM64.Deploy.0 = Debug|ARM64
		{076A3924-0C7B-489B-AB40-3CEC1AE2F5FD}.Release|Win32.ActiveCfg = Release|Win32
		{076A3924-0C7B-489B-AB40-3CEC1AE2F5FD}.Release|Win32.Build.0 = Release|Win32
		{076A3924-0C7B-489B-AB40-3CEC1AE2F5FD}.Release|Win32.Deploy.0 = Release|Win32
		{076A3924-0C7B-489B-AB40-3CEC1AE2F5FD}.Release|x64.ActiveCfg = Release|x64
		{076A3924-0C7B-489B-AB40-3CEC1AE2F5FD}.Release|x64.Build.0 = Release|x64
		{076A3924-0C7B-489B-AB40-3CEC1AE2F5FD}.Release|x64.Deploy.0 = Release|x64
		{076A3924-0C7B-489B-AB40-3CEC1AE2F5FD}.Release|ARM64.ActiveCfg = Release|ARM64
		{076A3924-0C7B-489B-AB40-3CEC1AE2F5FD}.Release|ARM64.Build.0 = Release|ARM64
		{076A3924-0C7B-489B-AB40-3CEC1AE2F5FD}.Release|ARM64.Deploy.0 = Release|ARM64
		{C65DA1D9-37AE-4724-8676-0C859B067EDC}.Debug|Win32.ActiveCfg = Debug|Win32
		{C65DA1D9-37AE-4724-8676-0C859B067EDC}.Debug|Win32.Build.0 = Debug|Win32
		{C65DA1D9-37AE-4724-8676-0C859B067EDC}.Debug|Win32.Deploy.0 = Debug|Win32
		{C65DA1D9-37AE-4724-8676-0C859B067EDC}.Debug|x64.ActiveCfg = Debug|x64
		{C65DA1D9-37AE-4724-8676-0C859B067EDC}.Debug|x64.Build.0 = Debug|x64
		{C65DA1D9-37AE-4724-8676-0C859B067EDC}.Debug|x64.Deploy.0 = Debug|x64
		{C65DA1D9-37AE-4724-8676-0C859B067EDC}.Debug|ARM64.ActiveCfg = Debug|ARM64
		{C65DA1D9-37AE-4724-8676-0C859B067EDC}.Debug|ARM64.Build.0 = Debug|ARM64
		{C65DA1D9-37AE-4724-8676-0C859B067EDC}.Debug|ARM64.Deploy.0 = Debug|ARM64
		{C65DA1D9-37AE-4724-8676-0C859B067EDC}.Release|Win32.ActiveCfg = Release|Win32
		{C65DA1D9-37AE-4724-8676-0C859B067EDC}.Release|Win32.Build.0 = Release|Win32
		{C65DA1D9-37AE-4724-8676-0C859B067EDC}.Release|Win32.Deploy.0 = Release|Win32
		{C65DA1D9-37AE-4724-8676-0C859B067EDC}.Release|x64.ActiveCfg = Release|x64
		{C65DA1D9-37AE-4724-8676-0C859B067EDC}.Release|x64.Build.0 = Release|x64
		{C65DA1D9-37AE-4724-8676-0C859B067EDC}.Release|x64.Deploy.0 = Release|x64
		{C65DA1D9-37AE-4724-8676-0C859B067EDC}.Release|ARM64.ActiveCfg = Release|ARM64
		{C65DA1D9-37AE-4724-8676-0C859B067EDC}.Release|ARM64.Build.0 = Release|ARM64
		{C65DA1D9-37AE-4724-8676-0C859B067EDC}.Release|ARM64.Deploy.0 = Release|ARM64
		{5C6CD6A6-8A5E-49FE-9149-E2E898E62504}.Debug|Win32.ActiveCfg = Debug|Win32
		{5C6CD6A6-8A5E-49FE-9149-E2E898E62504}.Debug|Win32.Build.0 = Debug|Win32
		{5C6CD6A6-8A5E-49FE-9149-E2E898E62504}.Debug|Win32.Deploy.0 = Debug|Win32
		{5C6CD6A6-8A5E-49FE-9149-E2E898E62504}.Debug|x64.ActiveCfg = Debug|x64
		{5C6CD6A6-8A5E-49FE-9149-E2E898E62504}.Debug|x64.Build.0 = Debug|x64
		{5C6CD6A6-8A5E-49FE-9149-E2E898E62504}.Debug|x64.Deploy.0 = Debug|x64
		{5C6CD6A6-8A5E-49FE-9149-E2E898E62504}.Debug|ARM64.ActiveCfg = Debug|ARM64
		{5C6CD6A6-8A5E-49FE-9149-E2E898E62504}.Debug|ARM64.Build.0 = Debug|ARM64
		{5C6CD6A6-8A5E-49FE-9149-E2E898E62504}.Debug|ARM64.Deploy.0 = Debug|ARM64
		{5C6CD6A6-8A5E-49FE-9149-E2E898E62504}.Release|Win32.ActiveCfg = Release|Win32
		{5C6CD6A6-8A5E-49FE-9149-E2E898E62504}.Release|Win32.Build.0 = Release|Win32
		{5C6CD6A6-8A5E-49FE-9149-E2E898E62504}.Release|Win32.Deploy.0 = Release|Win32
		{5C6CD6A6-8A5E-49FE-9149-E2E898E62504}.Release|x64.ActiveCfg = Release|x64
		{5C6CD6A6-8A5E-49FE-9149-E2E898E62504}.Release|x64.Build.0 = Release|x64
		{5C6CD6A6-8A5E-49FE-9149-E2E898E62504}.Release|x64.Deploy.0 = Release|x64
		{5C6CD6A6-8A5E-49FE-9149-E2E898E62504}.Release|ARM64.ActiveCfg = Release|ARM64
		{5C6CD6A6-8A5E-49FE-9149-E2E898E62504}.Release|ARM64.Build.0 = Release|ARM64
		{5C6CD6A6-8A5E-49FE-9149-E2E898E62504}.Release|ARM64.Deploy.0 = Release|ARM64
		{2928FD93-A822-48E2-85BD-BEAE68B216C9}.Debug|Win32.ActiveCfg = Debug|Win32
		{2928FD93-A822-48E2-85BD-BEAE68B216C9}.Debug|Win32.Build.0 = Debug|Win32
		{2928FD93-A822-48E2-85BD-BEAE68B216C9}.Debug|Win32.Deploy.0 = Debug|Win32
		{2928FD93-A822-48E2-85BD-BEAE68B216C9}.Debug|x64.ActiveCfg = Debug|x64
		{2928FD93-A822-48E2-85BD-BEAE68B216C9}.Debug|x64.Build.0 = Debug|x64
		{2928FD93-A822-48E2-85BD-BEAE68B216C9}.Debug|x64.Deploy.0 = Debug|x64
		{2928FD93-A822-48E2-85BD-BEAE68B216C9}.Debug|ARM64.ActiveCfg = Debug|ARM64
		{2928FD93-A822-48E2-85BD-BEAE68B216C9}.Debug|ARM64.Build.0 = Debug|ARM64
		{2928FD93-A822-48E2-85BD-BEAE68B216C9}.Debug|ARM64.Deploy.0 = Debug|ARM64
		{2928FD93-A822-48E2-85BD-BEAE68B216C9}.Release|Win32.ActiveCfg = Release|Win32
		{2928FD93-A822-48E2-85BD-BEAE68B216C9}.Release|Win32.Build.0 = Release|Win32
		{2928FD93-A822-48E2-85BD-BEAE68B216C9}.Release|Win32.Deploy.0 = Release|Win32
		{2928FD93-A822-48E2-85BD-BEAE68B216C9}.Release|x64.ActiveCfg = Release|x64
		{2928FD93-A822-48E2-85BD-BEAE68B216C9}.Release|x64.Build.0 = Release|x64
		{2928FD93-A822-48E2-85BD-BEAE68B216C9}.Release|x64.Deploy.0 = Release|x64
		{2928FD93-A822-48E2-85BD-BEAE68B216C9}.Release|ARM64.ActiveCfg = Release|ARM64
		{2928FD93-A822-48E2-85BD-BEAE68B216C9}.Release|ARM64.Build.0 = Release|ARM64
		{2928FD93-A822-48E2-85BD-BEAE68B216C9}.Release|ARM64.Deploy.0 = Release|ARM64
		{7F52CDBB-FCC1-4778-BCE2-99E3E51C855B}.Debug|Win32.ActiveCfg = Debug|Win32
		{7F52CDBB-FCC1-4778-BCE2-99E3E51C855B}.Debug|Win32.Build.0 = Debug|Win32
		{7F52CDBB-FCC1-4778-BCE2-99E3E51C855B}.Debug|Win32.Deploy.0 = Debug|Win32
		{7F52CDBB-FCC1-4778-BCE2-99E3E51C855B}.Debug|x64.ActiveCfg = Debug|x64
		{7F52CDBB-FCC1-4778-BCE2-99E3E51C855B}.Debug|x64.Build.0 = Debug|x64
		{7F52CDBB-FCC1-4778-BCE2-99E3E51C855B}.Debug|x64.Deploy.0 = Debug|x64
		{7F52CDBB-FCC1-4778-BCE2-99E3E51C855B}.Debug|ARM64.ActiveCfg = Debug|ARM64
		{7F52CDBB-FCC1-4778-BCE2-99E3E51C855B}.Debug|ARM64.Build.0 = Debug|ARM64
		{7F52CDBB-FCC1-4778-BCE2-99E3E51C855B}.Debug|ARM64.Deploy.0 = Debug|ARM64
		{7F52CDBB-FCC1-4778-BCE2-99E3E51C855B}.Release|Win32.ActiveCfg = Release|Win32
		{7F52CDBB-FCC1-4778-BCE2-99E3E51C855B}.Release|Win32.Build.0 = Release|Win32
		{7F52CDBB-FCC1-4778-BCE2-99E3E51C855B}.Release|Win32.Deploy.0 = Release|Win32
		{7F52CDBB-FCC1-4778-BCE2-99E3E51C855B}.Release|x64.ActiveCfg = Release|x64
		{7F52CDBB-FCC1-4778-BCE2-99E3E51C855B}.Release|x64.Build.0 = Release|x64
		{7F52CDBB-FCC1-4778-BCE2-99E3E51C855B}.Release|x64.Deploy.0 = Release|x64
		{7F52CDBB-FCC1-4778-BCE2-99E3E51C855B}.Release|ARM64.ActiveCfg = Release|ARM64
		{7F52CDBB-FCC1-4778-BCE2-99E3E51C855B}.Release|ARM64.Build.0 = Release|ARM64
		{7F52CDBB-FCC1-4778-BCE2-99E3E51C855B}.Release|ARM64.Deploy.0 = Release|ARM64
		{6CFB4E46-31D4-4ACA-B28E-E774D2638432}.Debug|Win32.ActiveCfg = Debug|Win32
		{6CFB4E46-31D4-4ACA-B28E-E774D2638432}.Debug|Win32.Build.0 = Debug|Win32
		{6CFB4E46-31D4-4ACA-B28E-E774D2638432}.Debug|Win32.Deploy.0 = Debug|Win32
		{6CFB4E46-31D4-4ACA-B28E-E774D2638432}.Debug|x64.ActiveCfg = Debug|x64
		{6CFB4E46-31D4-4ACA-B28E-E774D2638432}.Debug|x64.Build.0 = Debug|x64
		{6CFB4E46-31D4-4ACA-B28E-E774D2638432}.Debug|x64.Deploy.0 = Debug|x64
		{6CFB4E46-31D4-4ACA-B28E-E774D2638432}.Debug|ARM64.ActiveCfg = Debug|ARM64
		{6CFB4E46-31D4-4ACA-B28E-E774D2638432}.Debug|ARM64.Build.0 = Debug|ARM64
		{6CFB4E46-31D4-4ACA-B28E-E774D2638432}.Debug|ARM64.Deploy.0 = Debug|ARM64
		{6CFB4E46-31D4-4ACA-B28E-E774D2638432}.Release|Win32.ActiveCfg = Release|Win32
		{6CFB4E46-31D4-4ACA-B28E-E774D2638432}.Release|Win32.Build.0 = Release|Win32
		{6CFB4E46-31D4-4ACA-B28E-E774D2638432}.Release|Win32.Deploy.0 = Release|Win32
		{6CFB4E46-31D4-4ACA-B28E-E774D2638432}.Release|x64.ActiveCfg = Release|x64
		{6CFB4E46-31D4-4ACA-B28E-E774D2638432}.Release|x64.Build.0 = Release|x64
		{6CFB4E46-31D4-4ACA-B28E-E774D2638432}.Release|x64.Deploy.0 = Release|x64
		{6CFB4E46-31D4-4ACA-B28E-E774D2638432}.Release|ARM64.ActiveCfg = Release|ARM64
		{6CFB4E46-31D4-4ACA-B28E-E774D2638432}.Release|ARM64.Build.0 = Release|ARM64
		{6CFB4E46-31D4-4ACA-B28E-E774D2638432}.Release|ARM64.Deploy.0 = Release|ARM64
		{28F55EF9-EC88-4E85-8111-CC03E376D5CF}.Debug|Win32.ActiveCfg = Debug|Win32
		{28F55EF9-EC88-4E85-8111-CC03E376D5CF}.Debug|Win32.Build.0 = Debug|Win32
		{28F55EF9-EC88-4E85-8111-CC03E376D5CF}.Debug|Win32.Deploy.0 = Debug|Win32
		{28F55EF9-EC88-4E85-8111-CC03E376D5CF}.Debug|x64.ActiveCfg = Debug|x64
		{28F55EF9-EC88-4E85-8111-CC03E376D5CF}.Debug|x64.Build.0 = Debug|x64
		{28F55EF9-EC88-4E85-8111-CC03E376D5CF}.Debug|x64.Deploy.0 = Debug|x64
		{28F55EF9-EC88-4E85-8111-CC03E376D5CF}.Debug|ARM64.ActiveCfg = Debug|ARM64
		{28F55EF9-EC88-4E85-8111-CC03E376D5CF}.Debug|ARM64.Build.0 = Debug|ARM64
		{28F55EF9-EC88-4E85-8111-CC03E376D5CF}.Debug|ARM64.Deploy.0 = Debug|ARM64
		{28F55EF9-EC88-4E85-8111-CC03E376D5CF}.Release|Win32.ActiveCfg = Release|Win32
		{28F55EF9-EC88-4E85-8111-CC03E376D5CF}.Release|Win32.Build.0 = Release|Win32
		{28F55EF9-EC88-4E85-8111-CC03E376D5CF}.Release|Win32.Deploy.0 = Release|Win32
		{28F55EF9-EC88-4E85-8111-CC03E376D5CF}.Release|x64.ActiveCfg = Release|x64
		{28F55EF9-EC88-4E85-8111-CC03E376D5CF}.Release|x64.Build.0 = Release|x64
		{28F55EF9-EC88-4E85-8111-CC03E376D5CF}.Release|x64.Deploy.0 = Release|x64
		{28F55EF9-EC88-4E85-8111-CC03E376D5CF}.Release|ARM64.ActiveCfg = Release|ARM64
		{28F55EF9-EC88-4E85-8111-CC03E376D5CF}.Release|ARM64.Build.0 = Release|ARM64
		{28F55EF9-EC88-4E85-8111-CC03E376D5CF}.Release|ARM64.Deploy.0 = Release|ARM64
		{0D55F93C-3E53-4A0E-981F-B69CB1B1CCBE}.Debug|Win32.ActiveCfg = Debug|Win32
		{0D55F93C-3E53-4A0E-981F-B69CB1B1CCBE}.Debug|Win32.Build.0 = Debug|Win32
		{0D55F93C-3E53-4A0E-981F-B69CB1B1CCBE}.Debug|Win32.Deploy.0 = Debug|Win32
		{0D55F93C-3E53-4A0E-981F-B69CB1B1CCBE}.Debug|x64.ActiveCfg = Debug|x64
		{0D55F93C-3E53-4A0E-981F-B69CB1B1CCBE}.Debug|x64.Build.0 = Debug|x64
		{0D55F93C-3E53-4A0E-981F-B69CB1B1CCBE}.Debug|x64.Deploy.0 = Debug|x64
		{0D55F93C-3E53-4A0E-981F-B69CB1B1CCBE}.Debug|ARM64.ActiveCfg = Debug|ARM64
		{0D55F93C-3E53-4A0E-981F-B69CB1B1CCBE}.Debug|ARM64.Build.0 = Debug|ARM64
		{0D55F93C-3E53-4A0E-981F-B69CB1B1CCBE}.Debug|ARM64.Deploy.0 = Debug|ARM64
		{0D55F93C-3E53-4A0E-981F-B69CB1B1CCBE}.Release|Win32.ActiveCfg = Release|Win32
		{0D55F93C-3E53-4A0E-981F-B69CB1B1CCBE}.Release|Win32.Build.0 = Release|Win32
		{0D55F93C-3E53-4A0E-981F-B69CB1B1CCBE}.Release|Win32.Deploy.0 = Release|Win32
		{0D55F93C-3E53-4A0E-981F-B69CB1B1CCBE}.Release|x64.ActiveCfg = Release|x64
		{0D55F93C-3E53-4A0E-981F-B69CB1B1CCBE}.Release|x64.Build.0 = Release|x64
		{0D55F93C-3E53-4A0E-981F-B69CB1B1CCBE}.Release|x64.Deploy.0 = Release|x64
		{0D55F93C-3E53-4A0E-981F-B69CB1B1CCBE}.Release|ARM64.ActiveCfg = Release|ARM64
		{0D55F93C-3E53-4A0E-981F-B69CB1B1CCBE}.Release|ARM64.Build.0 = Release|ARM64
		{0D55F93C-3E53-4A0E-981F-B69CB1B1CCBE}.Release|ARM64.Deploy.0 = Release|ARM64
		{E71046D1-E0AC-4CAD-995A-82C033C29151}.Debug|Win32.ActiveCfg = Debug|Win32
		{E71046D1-E0AC-4CAD-995A-82C033C29151}.Debug|Win32.Build.0 = Debug|Win32
		{E71046D1-E0AC-4CAD-995A-82C033C29151}.Debug|Win32.Deploy.0 = Debug|Win32
		{E71046D1-E0AC-4CAD-995A-82C033C29151}.Debug|x64.ActiveCfg = Debug|x64
		{E71046D1-E0AC-4CAD-995A-82C033C29151}.Debug|x64.Build.0 = Debug|x64
		{E71046D1-E0AC-4CAD-995A-82C033C29151}.Debug|x64.Deploy.0 = Debug|x64
		{E71046D1-E0AC-4CAD-995A-82C033C29151}.Debug|ARM64.ActiveCfg = Debug|ARM64
		{E71046D1-E0AC-4CAD-995A-82C033C29151}.Debug|ARM64.Build.0 = Debug|ARM64
		{E71046D1-E0AC-4CAD-995A-82C033C29151}.Debug|ARM64.Deploy.0 = Debug|ARM64
		{E71046D1-E0AC-4CAD-995A-82C033C29151}.Release|Win32.ActiveCfg = Release|Win32
		{E71046D1-E0AC-4CAD-995A-82C033C29151}.Release|Win32.Build.0 = Release|Win32
		{E71046D1-E0AC-4CAD-995A-82C033C29151}.Release|Win32.Deploy.0 = Release|Win32
		{E71046D1-E0AC-4CAD-995A-82C033C29151}.Release|x64.ActiveCfg = Release|x64
		{E71046D1-E0AC-4CAD-995A-82C033C29151}.Release|x64.Build.0 = Release|x64
		{E71046D1-E0AC-4CAD-995A-82C033C29151}.Release|x64.Deploy.0 = Release|x64
		{E71046D1-E0AC-4CAD-995A-82C033C29151}.Release|ARM64.ActiveCfg = Release|ARM64
		{E71046D1-E0AC-4CAD-995A-82C033C29151}.Release|ARM64.Build.0 = Release|ARM64
		{E71046D1-E0AC-4CAD-995A-82C033C29151}.Release|ARM64.Deploy.0 = Release|ARM64
		{8D9D3D07-E464-4C65-A29A-CB1890E94243}.Debug|Win32.ActiveCfg = Debug|Win32
		{8D9D3D07-E464-4C65-A29A-CB1890E94243}.Debug|Win32.Build.0 = Debug|Win32
		{8D9D3D07-E464-4C65-A29A-CB1890E94243}.Debug|Win32.Deploy.0 = Debug|Win32
		{8D9D3D07-E464-4C65-A29A-CB1890E94243}.Debug|x64.ActiveCfg = Debug|x64
		{8D9D3D07-E464-4C65-A29A-CB1890E94243}.Debug|x64.Build.0 = Debug|x64
		{8D9D3D07-E464-4C65-A29A-CB1890E94243}.Debug|x64.Deploy.0 = Debug|x64
		{8D9D3D07-E464-4C65-A29A-CB1890E94243}.Debug|ARM64.ActiveCfg = Debug|ARM64
		{8D9D3D07-E464-4C65-A29A-CB1890E94243}.Debug|ARM64.Build.0 = Debug|ARM64
		{8D9D3D07-E464-4C65-A29A-CB1890E94243}.Debug|ARM64.Deploy.0 = Debug|ARM64
		{8D9D3D07-E464-4C65-A29A-CB1890E94243}.Release|Win32.ActiveCfg = Release|Win32
		{8D9D3D07-E464-4C65-A29A-CB1890E94243}.Release|Win32.Build.0 = Release|Win32
		{8D9D3D07-E464-4C65-A29A-CB1890E94243}.Release|Win32.Deploy.0 = Release|Win32
		{8D9D3D07-E464-4C65-A29A-CB1890E94243}.Release|x64.ActiveCfg = Release|x64
		{8D9D3D07-E464-4C65-A29A-CB1890E94243}.Release|x64.Build.0 = Release|x64
		{8D9D3D07-E464-4C65-A29A-CB1890E94243}.Release|x64.Deploy.0 = Release|x64
		{8D9D3D07-E464-4C65-A29A-CB1890E94243}.Release|ARM64.ActiveCfg = Release|ARM64
		{8D9D3D07-E464-4C65-A29A-CB1890E94243}.Release|ARM64.Build.0 = Release|ARM64
		{8D9D3D07-E464-4C65-A29A-CB1890E94243}.Release|ARM64.Deploy.0 = Release|ARM64
		{035E584B-0E95-444B-95C1-CB393ADE7F70}.Debug|Win32.ActiveCfg = Debug|Win32
		{035E584B-0E95-444B-95C1-CB393ADE7F70}.Debug|Win32.Build.0 = Debug|Win32
		{035E584B-0E95-444B-95C1-CB393ADE7F70}.Debug|Win32.Deploy.0 = Debug|Win32
		{035E584B-0E95-444B-95C1-CB393ADE7F70}.Debug|x64.ActiveCfg = Debug|x64
		{035E584B-0E95-444B-95C1-CB393ADE7F70}.Debug|x64.Build.0 = Debug|x64
		{035E584B-0E95-444B-95C1-CB393ADE7F70}.Debug|x64.Deploy.0 = Debug|x64
		{035E584B-0E95-444B-95C1-CB393ADE7F70}.Debug|ARM64.ActiveCfg = Debug|ARM64
		{035E584B-0E95-444B-95C1-CB393ADE7F70}.Debug|ARM64.Build.0 = Debug|ARM64
		{035E584B-0E95-444B-95C1-CB393ADE7F70}.Debug|ARM64.Deploy.0 = Debug|ARM64
		{035E584B-0E95-444B-95C1-CB393ADE7F70}.Release|Win32.ActiveCfg = Release|Win32
		{035E584B-0E95-444B-95C1-CB393ADE7F70}.Release|Win32.Build.0 = Release|Win32
		{035E584B-0E95-444B-95C1-CB393ADE7F70}.Release|Win32.Deploy.0 = Release|Win32
		{035E584B-0E95-444B-95C1-CB393ADE7F70}.Release|x64.ActiveCfg = Release|x64
		{035E584B-0E95-444B-95C1-CB393ADE7F70}.Release|x64.Build.0 = Release|x64
		{035E584B-0E95-444B-95C1-CB393ADE7F70}.Release|x64.Deploy.0 = Release|x64
		{035E584B-0E95-444B-95C1-CB393ADE7F70}.Release|ARM64.ActiveCfg = Release|ARM64
		{035E584B-0E95-444B-95C1-CB393ADE7F70}.Release|ARM64.Build.0 = Release|ARM64
		{035E584B-0E95-444B-95C1-CB393ADE7F70}.Release|ARM64.Deploy.0 = Release|ARM64
		{CEA9F8AA-7FFE-4EEE-AE65-0284EA2B2D0D}.Debug|Win32.ActiveCfg = Debug|Win32
		{CEA9F8AA-7FFE-4EEE-AE65-0284EA2B2D0D}.Debug|Win32.Build.0 = Debug|Win32
		{CEA9F8AA-7FFE-4EEE-AE65-0284EA2B2D0D}.Debug|Win32.Deploy.0 = Debug|Win32
		{CEA9F8AA-7FFE-4EEE-AE65-0284EA2B2D0D}.Debug|x64.ActiveCfg = Debug|x64
		{CEA9F8AA-7FFE-4EEE-AE65-0284EA2B2D0D}.Debug|x64.Build.0 = Debug|x64
		{CEA9F8AA-7FFE-4EEE-AE65-0284EA2B2D0D}.Debug|x64.Deploy.0 = Debug|x64
		{CEA9F8AA-7FFE-4EEE-AE65-0284EA2B2D0D}.Debug|ARM64.ActiveCfg = Debug|ARM64
		{CEA9F8AA-7FFE-4EEE-AE65-0284EA2B2D0D}.Debug|ARM64.Build.0 = Debug|ARM64
		{CEA9F8AA-7FFE-4EEE-AE65-0284EA2B2D0D}.Debug|ARM64.Deploy.0 = Debug|ARM64
		{CEA9F8AA-7FFE-4EEE-AE65-0284EA2B2D0D}.Release|Win32.ActiveCfg = Release|Win32
		{CEA9F8AA-7FFE-4EEE-AE65-0284EA2B2D0D}.Release|Win32.Build.0 = Release|Win32
		{CEA9F8AA-7FFE-4EEE-AE65-0284EA2B2D0D}.Release|Win32.Deploy.0 = Release|Win32
		{CEA9F8AA-7FFE-4EEE-AE65-0284EA2B2D0D}.Release|x64.ActiveCfg = Release|x64
		{CEA9F8AA-7FFE-4EEE-AE65-0284EA2B2D0D}.Release|x64.Build.0 = Release|x64
		{CEA9F8AA-7FFE-4EEE-AE65-0284EA2B2D0D}.Release|x64.Deploy.0 = Release|x64
		{CEA9F8AA-7FFE-4EEE-AE65-0284EA2B2D0D}.Release|ARM64.ActiveCfg = Release|ARM64
		{CEA9F8AA-7FFE-4EEE-AE65-0284EA2B2D0D}.Release|ARM64.Build.0 = Release|ARM64
		{CEA9F8AA-7FFE-4EEE-AE65-0284EA2B2D0D}.Release|ARM64.Deploy.0 = Release|ARM64
		{A75BE266-7480-453B-8A63-47380688FE99}.Debug|Win32.ActiveCfg = Debug|Win32
		{A75BE266-7480-453B-8A63-47380688FE99}.Debug|Win32.Build.0 = Debug|Win32
		{A75BE266-7480-453B-8A63-47380688FE99}.Debug|Win32.Deploy.0 = Debug|Win32
		{A75BE266-7480-453B-8A63-47380688FE99}.Debug|x64.ActiveCfg = Debug|x64
		{A75BE266-7480-453B-8A63-47380688FE99}.Debug|x64.Build.0 = Debug|x64
		{A75BE266-7480-453B-8A63-47380688FE99}.Debug|x64.Deploy.0 = Debug|x64
		{A75BE266-7480-453B-8A63-47380688FE99}.Debug|ARM64.ActiveCfg = Debug|ARM64
		{A75BE266-7480-453B-8A63-47380688FE99}.Debug|ARM64.Build.0 = Debug|ARM64
		{A75BE266-7480-453B-8A63-47380688FE99}.Debug|ARM64.Deploy.0 = Debug|ARM64
		{A75BE266-7480-453B-8A63-47380688FE99}.Release|Win32.ActiveCfg = Release|Win32
		{A75BE266-7480-453B-8A63-47380688FE99}.Release|Win32.Build.0 = Release|Win32
		{A75BE266-7480-453B-8A63-47380688FE99}.Release|Win32.Deploy.0 = Release|Win32
		{A75BE266-7480-453B-8A63-47380688FE99}.Release|x64.ActiveCfg = Release|x64
		{A75BE266-7480-453B-8A63-47380688FE99}.Release|x64.Build.0 = Release|x64
		{A75BE266-7480-453B-8A63-47380688FE99}.Release|x64.Deploy.0 = Release|x64
		{A75BE266-7480-453B-8A63-47380688FE99}.Release|ARM64.ActiveCfg = Release|ARM64
		{A75BE266-7480-453B-8A63-47380688FE99}.Release|ARM64.Build.0 = Release|ARM64
		{A75BE266-7480-453B-8A63-47380688FE99}.Release|ARM64.Deploy.0 = Release|ARM64
		{8AF46262-B849-48CD-A92A-E01C83C91F3E}.Debug|Win32.ActiveCfg = Debug|Win32
		{8AF46262-B849-48CD-A92A-E01C83C91F3E}.Debug|Win32.Build.0 = Debug|Win32
		{8AF46262-B849-48CD-A92A-E01C83C91F3E}.Debug|Win32.Deploy.0 = Debug|Win32
		{8AF46262-B849-48CD-A92A-E01C83C91F3E}.Debug|x64.ActiveCfg = Debug|x64
		{8AF46262-B849-48CD-A92A-E01C83C91F3E}.Debug|x64.Build.0 = Debug|x64
		{8AF46262-B849-48CD-A92A-E01C83C91F3E}.Debug|x64.Deploy.0 = Debug|x64
		{8AF46262-B849-48CD-A92A-E01C83C91F3E}.Debug|ARM64.ActiveCfg = Debug|ARM64
		{8AF46262-B849-48CD-A92A-E01C83C91F3E}.Debug|ARM64.Build.0 = Debug|ARM64
		{8AF46262-B849-48CD-A92A-E01C83C91F3E}.Debug|ARM64.Deploy.0 = Debug|ARM64
		{8AF46262-B849-48CD-A92A-E01C83C91F3E}.Release|Win32.ActiveCfg = Release|Win32
		{8AF46262-B849-48CD-A92A-E01C83C91F3E}.Release|Win32.Build.0 = Release|Win32
		{8AF46262-B849-48CD-A92A-E01C83C91F3E}.Release|Win32.Deploy.0 = Release|Win32
		{8AF46262-B849-48CD-A92A-E01C83C91F3E}.Release|x64.ActiveCfg = Release|x64
		{8AF46262-B849-48CD-A92A-E01C83C91F3E}.Release|x64.Build.0 = Release|x64
		{8AF46262-B849-48CD-A92A-E01C83C91F3E}.Release|x64.Deploy.0 = Release|x64
		{8AF46262-B849-48CD-A92A-E01C83C91F3E}.Release|ARM64.ActiveCfg = Release|ARM64
		{8AF46262-B849-48CD-A92A-E01C83C91F3E}.Release|ARM64.Build.0 = Release|ARM64
		{8AF46262-B849-48CD-A92A-E01C83C91F3E}.Release|ARM64.Deploy.0 = Release|ARM64
		{C65569E4-174A-405F-BFB2-54ED297D666A}.Debug|Win32.ActiveCfg = Debug|Win32
		{C65569E4-174A-405F-BFB2-54ED297D666A}.Debug|Win32.Build.0 = Debug|Win32
		{C65569E4-174A-405F-BFB2-54ED297D666A}.Debug|Win32.Deploy.0 = Debug|Win32
		{C65569E4-174A-405F-BFB2-54ED297D666A}.Debug|x64.ActiveCfg = Debug|x64
		{C65569E4-174A-405F-BFB2-54ED297D666A}.Debug|x64.Build.0 = Debug|x64
		{C65569E4-174A-405F-BFB2-54ED297D666A}.Debug|x64.Deploy.0 = Debug|x64
		{C65569E4-174A-405F-BFB2-54ED297D666A}.Debug|ARM64.ActiveCfg = Debug|ARM64
		{C65569E4-174A-405F-BFB2-54ED297D666A}.Debug|ARM64.Build.0 = Debug|ARM64
		{C65569E4-174A-405F-BFB2-54ED297D666A}.Debug|ARM64.Deploy.0 = Debug|ARM64
		{C65569E4-174A-405F-BFB2-54ED297D666A}.Release|Win32.ActiveCfg = Release|Win32
		{C65569E4-174A-405F-BFB2-54ED297D666A}.Release|Win32.Build.0 = Release|Win32
		{C65569E4-174A-405F-BFB2-54ED297D666A}.Release|Win32.Deploy.0 = Release|Win32
		{C65569E4-174A-405F-BFB2-54ED297D666A}.Release|x64.ActiveCfg = Release|x64
		{C65569E4-174A-405F-BFB2-54ED297D666A}.Release|x64.Build.0 = Release|x64
		{C65569E4-174A-405F-BFB2-54ED297D666A}.Release|x64.Deploy.0 = Release|x64
		{C65569E4-174A-405F-BFB2-54ED297D666A}.Release|ARM64.ActiveCfg = Release|ARM64
		{C65569E4-174A-405F-BFB2-54ED297D666A}.Release|ARM64.Build.0 = Release|ARM64
		{C65569E4-174A-405F-BFB2-54ED297D666A}.Release|ARM64.Deploy.0 = Release|ARM64
		{B2EDDCF0-90C1-4727-A9BF-9ADD4B3D4798}.Debug|Win32.ActiveCfg = Debug|Win32
		{B2EDDCF0-90C1-4727-A9BF-9ADD4B3D4798}.Debug|Win32.Build.0 = Debug|Win32
		{B2EDDCF0-90C1-4727-A9BF-9ADD4B3D4798}.Debug|Win32.Deploy.0 = Debug|Win32
		{B2EDDCF0-90C1-4727-A9BF-9ADD4B3D4798}.Debug|x64.ActiveCfg = Debug|x64
		{B2EDDCF0-90C1-4727-A9BF-9ADD4B3D4798}.Debug|x64.Build.0 = Debug|x64
		{B2EDDCF0-90C1-4727-A9BF-9ADD4B3D4798}.Debug|x64.Deploy.0 = Debug|x64
		{B2EDDCF0-90C1-4727-A9BF-9ADD4B3D4798}.Debug|ARM64.ActiveCfg = Debug|ARM64
		{B2EDDCF0-90C1-4727-A9BF-9ADD4B3D4798}.Debug|ARM64.Build.0 = Debug|ARM64
		{B2EDDCF0-90C1-4727-A9BF-9ADD4B3D4798}.Debug|ARM64.Deploy.0 = Debug|ARM64
		{B2EDDCF0-90C1-4727-A9BF-9ADD4B3D4798}.Release|Win32.ActiveCfg = Release|Win32
		{B2EDDCF0-90C1-4727-A9BF-9ADD4B3D4798}.Release|Win32.Build.0 = Release|Win32
		{B2EDDCF0-90C1-4727-A9BF-9ADD4B3D4798}.Release|Win32.Deploy.0 = Release|Win32
		{B2EDDCF0-90C1-4727-A9BF-9ADD4B3D4798}.Release|x64.ActiveCfg = Release|x64
		{B2EDDCF0-90C1-4727-A9BF-9ADD4B3D4798}.Release|x64.Build.0 = Release|x64
		{B2EDDCF0-90C1-4727-A9BF-9ADD4B3D4798}.Release|x64.Deploy.0 = Release|x64
		{B2EDDCF0-90C1-4727-A9BF-9ADD4B3D4798}.Release|ARM64.ActiveCfg = Release|ARM64
		{B2EDDCF0-90C1-4727-A9BF-9ADD4B3D4798}.Release|ARM64.Build.0 = Release|ARM64
		{B2EDDCF0-90C1-4727-A9BF-9ADD4B3D4798}.Release|ARM64.Deploy.0 = Release|ARM64
		{1B9A20CF-7E89-4C0D-9BE8-40D8739FAFDB}.Debug|Win32.ActiveCfg = Debug|Win32
		{1B9A20CF-7E89-4C0D-9BE8-40D8739FAFDB}.Debug|Win32.Build.0 = Debug|Win32
		{1B9A20CF-7E89-4C0D-9BE8-40D8739FAFDB}.Debug|Win32.Deploy.0 = Debug|Win32
		{1B9A20CF-7E89-4C0D-9BE8-40D8739FAFDB}.Debug|x64.ActiveCfg = Debug|x64
		{1B9A20CF-7E89-4C0D-9BE8-40D8739FAFDB}.Debug|x64.Build.0 = Debug|x64
		{1B9A20CF-7E89-4C0D-9BE8-40D8739FAFDB}.Debug|x64.Deploy.0 = Debug|x64
		{1B9A20CF-7E89-4C0D-9BE8-40D8739FAFDB}.Debug|ARM64.ActiveCfg = Debug|ARM64
		{1B9A20CF-7E89-4C0D-9BE8-40D8739FAFDB}.Debug|ARM64.Build.0 = Debug|ARM64
		{1B9A20CF-7E89-4C0D-9BE8-40D8739FAFDB}.Debug|ARM64.Deploy.0 = Debug|ARM64
		{1B9A20CF-7E89-4C0D-9BE8-40D8739FAFDB}.Release|Win32.ActiveCfg = Release|Win32
		{1B9A20CF-7E89-4C0D-9BE8-40D8739FAFDB}.Release|Win32.Build.0 = Release|Win32
		{1B9A20CF-7E89-4C0D-9BE8-40D8739FAFDB}.Release|Win32.Deploy.0 = Release|Win32
		{1B9A20CF-7E89-4C0D-9BE8-40D8739FAFDB}.Release|x64.ActiveCfg = Release|x64
		{1B9A20CF-7E89-4C0D-9BE8-40D8739FAFDB}.Release|x64.Build.0 = Release|x64
		{1B9A20CF-7E89-4C0D-9BE8-40D8739FAFDB}.Release|x64.Deploy.0 = Release|x64
		{1B9A20CF-7E89-4C0D-9BE8-40D8739FAFDB}.Release|ARM64.ActiveCfg = Release|ARM64
		{1B9A20CF-7E89-4C0D-9BE8-40D8739FAFDB}.Release|ARM64.Build.0 = Release|ARM64
		{1B9A20CF-7E89-4C0D-9BE8-40D8739FAFDB}.Release|ARM64.Deploy.0 = Release|ARM64
		{348EFDD5-8845-4F00-85CF-B013B79B07E6}.Debug|Win32.ActiveCfg = Debug|Win32
		{348EFDD5-8845-4F00-85CF-B013B79B07E6}.Debug|Win32.Build.0 = Debug|Win32
		{348EFDD5-8845-4F00-85CF-B013B79B07E6}.Debug|Win32.Deploy.0 = Debug|Win32
		{348EFDD5-8845-4F00-85CF-B013B79B07E6}.Debug|x64.ActiveCfg = Debug|x64
		{348EFDD5-8845-4F00-85CF-B013B79B07E6}.Debug|x64.Build.0 = Debug|x64
		{348EFDD5-8845-4F00-85CF-B013B79B07E6}.Debug|x64.Deploy.0 = Debug|x64
		{348EFDD5-8845-4F00-85CF-B013B79B07E6}.Debug|ARM64.ActiveCfg = Debug|ARM64
		{348EFDD5-8845-4F00-85CF-B013B79B07E6}.Debug|ARM64.Build.0 = Debug|ARM64
		{348EFDD5-8845-4F00-85CF-B013B79B07E6}.Debug|ARM64.Deploy.0 = Debug|ARM64
		{348EFDD5-8845-4F00-85CF-B013B79B07E6}.Release|Win32.ActiveCfg = Release|Win32
		{348EFDD5-8845-4F00-85CF-B013B79B07E6}.Release|Win32.Build.0 = Release|Win32
		{348EFDD5-8845-4F00-85CF-B013B79B07E6}.Release|Win32.Deploy.0 = Release|Win32
		{348EFDD5-8845-4F00-85CF-B013B79B07E6}.Release|x64.ActiveCfg = Release|x64
		{348EFDD5-8845-4F00-85CF-B013B79B07E6}.Release|x64.Build.0 = Release|x64
		{348EFDD5-8845-4F00-85CF-B013B79B07E6}.Release|x64.Deploy.0 = Release|x64
		{348EFDD5-8845-4F00-85CF-B013B79B07E6}.Release|ARM64.ActiveCfg = Release|ARM64
		{348EFDD5-8845-4F00-85CF-B013B79B07E6}.Release|ARM64.Build.0 = Release|ARM64
		{348EFDD5-8845-4F00-85CF-B013B79B07E6}.Release|ARM64.Deploy.0 = Release|ARM64
		{11C54D55-0483-4076-B185-727230317075}.Debug|Win32.ActiveCfg = Debug|Win32
		{11C54D55-0483-4076-B185-727230317075}.Debug|Win32.Build.0 = Debug|Win32
		{11C54D55-0483-4076-B185-727230317075}.Debug|Win32.Deploy.0 = Debug|Win32
		{11C54D55-0483-4076-B185-727230317075}.Debug|x64.ActiveCfg = Debug|x64
		{11C54D55-0483-4076-B185-727230317075}.Debug|x64.Build.0 = Debug|x64
		{11C54D55-0483-4076-B185-727230317075}.Debug|x64.Deploy.0 = Debug|x64
		{11C54D55-0483-4076-B185-727230317075}.Debug|ARM64.ActiveCfg = Debug|ARM64
		{11C54D55-0483-4076-B185-727230317075}.Debug|ARM64.Build.0 = Debug|ARM64
		{11C54D55-0483-4076-B185-727230317075}.Debug|ARM64.Deploy.0 = Debug|ARM64
		{11C54D55-0483-4076-B185-727230317075}.Release|Win32.ActiveCfg = Release|Win32
		{11C54D55-0483-4076-B185-727230317075}.Release|Win32.Build.0 = Release|Win32
		{11C54D55-0483-4076-B185-727230317075}.Release|Win32.Deploy.0 = Release|Win32
		{11C54D55-0483-4076-B185-727230317075}.Release|x64.ActiveCfg = Release|x64
		{11C54D55-0483-4076-B185-727230317075}.Release|x64.Build.0 = Release|x64
		{11C54D55-0483-4076-B185-727230317075}.Release|x64.Deploy.0 = Release|x64
		{11C54D55-0483-4076-B185-727230317075}.Release|ARM64.ActiveCfg = Release|ARM64
		{11C54D55-0483-4076-B185-727230317075}.Release|ARM64.Build.0 = Release|ARM64
		{11C54D55-0483-4076-B185-727230317075}.Release|ARM64.Deploy.0 = Release|ARM64
		{37D66873-079A-48E6-B6C5-010FB117E576}.Debug|Win32.ActiveCfg = Debug|Win32
		{37D66873-079A-48E6-B6C5-010FB117E576}.Debug|Win32.Build.0 = Debug|Win32
		{37D66873-079A-48E6-B6C5-010FB117E576}.Debug|Win32.Deploy.0 = Debug|Win32
		{37D66873-079A-48E6-B6C5-010FB117E576}.Debug|x64.ActiveCfg = Debug|x64
		{37D66873-079A-48E6-B6C5-010FB117E576}.Debug|x64.Build.0 = Debug|x64
		{37D66873-079A-48E6-B6C5-010FB117E576}.Debug|x64.Deploy.0 = Debug|x64
		{37D66873-079A-48E6-B6C5-010FB117E576}.Debug|ARM64.ActiveCfg = Debug|ARM64
		{37D66873-079A-48E6-B6C5-010FB117E576}.Debug|ARM64.Build.0 = Debug|ARM64
		{37D66873-079A-48E6-B6C5-010FB117E576}.Debug|ARM64.Deploy.0 = Debug|ARM64
		{37D66873-079A-48E6-B6C5-010FB117E576}.Release|Win32.ActiveCfg = Release|Win32
		{37D66873-079A-48E6-B6C5-010FB117E576}.Release|Win32.Build.0 = Release|Win32
		{37D66873-079A-48E6-B6C5-010FB117E576}.Release|Win32.Deploy.0 = Release|Win32
		{37D66873-079A-48E6-B6C5-010FB117E576}.Release|x64.ActiveCfg = Release|x64
		{37D66873-079A-48E6-B6C5-010FB117E576}.Release|x64.Build.0 = Release|x64
		{37D66873-079A-48E6-B6C5-010FB117E576}.Release|x64.Deploy.0 = Release|x64
		{37D66873-079A-48E6-B6C5-010FB117E576}.Release|ARM64.ActiveCfg = Release|ARM64
		{37D66873-079A-48E6-B6C5-010FB117E576}.Release|ARM64.Build.0 = Release|ARM64
		{37D66873-079A-48E6-B6C5-010FB117E576}.Release|ARM64.Deploy.0 = Release|ARM64
		{C51EE309-C2D1-4D51-A394-1295D2357DCF}.Debug|Win32.ActiveCfg = Debug|Win32
		{C51EE309-C2D1-4D51-A394-1295D2357DCF}.Debug|Win32.Build.0 = Debug|Win32
		{C51EE309-C2D1-4D51-A394-1295D2357DCF}.Debug|Win32.Deploy.0 = Debug|Win32
		{C51EE309-C2D1-4D51-A394-1295D2357DCF}.Debug|x64.ActiveCfg = Debug|x64
		{C51EE309-C2D1-4D51-A394-1295D2357DCF}.Debug|x64.Build.0 = Debug|x64
		{C51EE309-C2D1-4D51-A394-1295D2357DCF}.Debug|x64.Deploy.0 = Debug|x64
		{C51EE309-C2D1-4D51-A394-1295D2357DCF}.Debug|ARM64.ActiveCfg = Debug|ARM64
		{C51EE309-C2D1-4D51-A394-1295D2357DCF}.Debug|ARM64.Build.0 = Debug|ARM64
		{C51EE309-C2D1-4D51-A394-1295D2357DCF}.Debug|ARM64.Deploy.0 = Debug|ARM64
		{C51EE309-C2D1-4D51-A394-1295D2357DCF}.Release|Win32.ActiveCfg = Release|Win32
		{C51EE309-C2D1-4D51-A394-1295D2357DCF}.Release|Win32.Build.0 = Release|Win32
		{C51EE309-C2D1-4D51-A394-1295D2357DCF}.Release|Win32.Deploy.0 = Release|Win32
		{C51EE309-C2D1-4D51-A394-1295D2357DCF}.Release|x64.ActiveCfg = Release|x64
		{C51EE309-C2D1-4D51-A394-1295D2357DCF}.Release|x64.Build.0 = Release|x64
		{C51EE309-C2D1-4D51-A394-1295D2357DCF}.Release|x64.Deploy.0 = Release|x64
		{C51EE309-C2D1-4D51-A394-1295D2357DCF}.Release|ARM64.ActiveCfg = Release|ARM64
		{C51EE309-C2D1-4D51-A394-1295D2357DCF}.Release|ARM64.Build.0 = Release|ARM64
		{C51EE309-C2D1-4D51-A394-1295D2357DCF}.Release|ARM64.Deploy.0 = Release|ARM64
		{43DBAE7C-60D9-4DDF-B704-745A40B678E8}.Debug|Win32.ActiveCfg = Debug|Win32
		{43DBAE7C-60D9-4DDF-B704-745A40B678E8}.Debug|Win32.Build.0 = Debug|Win32
		{43DBAE7C-60D9-4DDF-B704-745A40B678E8}.Debug|Win32.Deploy.0 = Debug|Win32
		{43DBAE7C-60D9-4DDF-B704-745A40B678E8}.Debug|x64.ActiveCfg = Debug|x64
		{43DBAE7C-60D9-4DDF-B704-745A40B678E8}.Debug|x64.Build.0 = Debug|x64
		{43DBAE7C-60D9-4DDF-B704-745A40B678E8}.Debug|x64.Deploy.0 = Debug|x64
		{43DBAE7C-60D9-4DDF-B704-745A40B678E8}.Debug|ARM64.ActiveCfg = Debug|ARM64
		{43DBAE7C-60D9-4DDF-B704-745A40B678E8}.Debug|ARM64.Build.0 = Debug|ARM64
		{43DBAE7C-60D9-4DDF-B704-745A40B678E8}.Debug|ARM64.Deploy.0 = Debug|ARM64
		{43DBAE7C-60D9-4DDF-B704-745A40B678E8}.Release|Win32.ActiveCfg = Release|Win32
		{43DBAE7C-60D9-4DDF-B704-745A40B678E8}.Release|Win32.Build.0 = Release|Win32
		{43DBAE7C-60D9-4DDF-B704-745A40B678E8}.Release|Win32.Deploy.0 = Release|Win32
		{43DBAE7C-60D9-4DDF-B704-745A40B678E8}.Release|x64.ActiveCfg = Release|x64
		{43DBAE7C-60D9-4DDF-B704-745A40B678E8}.Release|x64.Build.0 = Release|x64
		{43DBAE7C-60D9-4DDF-B704-745A40B678E8}.Release|x64.Deploy.0 = Release|x64
		{43DBAE7C-60D9-4DDF-B704-745A40B678E8}.Release|ARM64.ActiveCfg = Release|ARM64
		{43DBAE7C-60D9-4DDF-B704-745A40B678E8}.Release|ARM64.Build.0 = Release|ARM64
		{43DBAE7C-60D9-4DDF-B704-745A40B678E8}.Release|ARM64.Deploy.0 = Release|ARM64
	EndGlobalSection
	GlobalSection(SolutionProperties) = preSolution
		HideSolutionNode = FALSE
	EndGlobalSection
EndGlobal
